
Microsoft Visual Studio Solution File, Format Version 12.00
# Visual Studio 14
VisualStudioVersion = 14.0.25420.1
MinimumVisualStudioVersion = 10.0.40219.1
Project("{2150E333-8FDC-42A3-9474-1A3956D46DE8}") = "Documentation", "Documentation", "{AC66A562-FDDB-4BCD-9CF7-D13ECAF752D9}"
	ProjectSection(SolutionItems) = preProject
		Documentation\DocsDevProcess.docx = Documentation\DocsDevProcess.docx
	EndProjectSection
EndProject
Project("{2150E333-8FDC-42A3-9474-1A3956D46DE8}") = "Examples", "Examples", "{D980CE68-5F2E-4B00-A317-16FD378310E1}"
EndProject
Project("{2150E333-8FDC-42A3-9474-1A3956D46DE8}") = "Sdk", "Sdk", "{6347475A-9128-4B18-A0A5-B12270085EA2}"
EndProject
Project("{2150E333-8FDC-42A3-9474-1A3956D46DE8}") = "Tests", "Tests", "{E5D848B5-6473-44A4-AE79-06F77C0B3E57}"
EndProject
Project("{2150E333-8FDC-42A3-9474-1A3956D46DE8}") = "DotNet", "DotNet", "{1CDE1C66-655A-4DA7-A397-D1FE1B4126BC}"
EndProject
Project("{FAE04EC0-301F-11D3-BF4B-00C04F79EFBC}") = "bNesis.Sdk", "Sdk\DotNet\bNesis.Sdk.csproj", "{C0108246-4EC9-4CFB-890D-28614C6AB62A}"
EndProject
Project("{2150E333-8FDC-42A3-9474-1A3956D46DE8}") = "JavaScript", "JavaScript", "{B6631545-D938-4FED-A453-91CE0642F43E}"
	ProjectSection(SolutionItems) = preProject
		Sdk\JavaScript\bNesis.Sdk.Common.js = Sdk\JavaScript\bNesis.Sdk.Common.js
		Sdk\JavaScript\bNesis.Sdk.Delivery.UkrPoshta.js = Sdk\JavaScript\bNesis.Sdk.Delivery.UkrPoshta.js
		Sdk\JavaScript\bNesis.Sdk.eCommerce.PrestaShop.js = Sdk\JavaScript\bNesis.Sdk.eCommerce.PrestaShop.js
		Sdk\JavaScript\bNesis.Sdk.eCommerce.Shopify.js = Sdk\JavaScript\bNesis.Sdk.eCommerce.Shopify.js
		Sdk\JavaScript\bNesis.Sdk.FileStorages.BaiduBCS.js = Sdk\JavaScript\bNesis.Sdk.FileStorages.BaiduBCS.js
		Sdk\JavaScript\bNesis.Sdk.FileStorages.Box.js = Sdk\JavaScript\bNesis.Sdk.FileStorages.Box.js
		Sdk\JavaScript\bNesis.Sdk.FileStorages.Common.js = Sdk\JavaScript\bNesis.Sdk.FileStorages.Common.js
		Sdk\JavaScript\bNesis.Sdk.FileStorages.Dropbox.js = Sdk\JavaScript\bNesis.Sdk.FileStorages.Dropbox.js
		Sdk\JavaScript\bNesis.Sdk.FileStorages.GoogleDrive.js = Sdk\JavaScript\bNesis.Sdk.FileStorages.GoogleDrive.js
		Sdk\JavaScript\bNesis.Sdk.FileStorages.Mega.js = Sdk\JavaScript\bNesis.Sdk.FileStorages.Mega.js
		Sdk\JavaScript\bNesis.Sdk.FileStorages.SugarSync.js = Sdk\JavaScript\bNesis.Sdk.FileStorages.SugarSync.js
		Sdk\JavaScript\bNesis.Sdk.js = Sdk\JavaScript\bNesis.Sdk.js
		Sdk\JavaScript\bNesis.Sdk.Other.IISSEO.js = Sdk\JavaScript\bNesis.Sdk.Other.IISSEO.js
		Sdk\JavaScript\bNesis.Sdk.Payment.LiqPay.js = Sdk\JavaScript\bNesis.Sdk.Payment.LiqPay.js
		Sdk\JavaScript\bNesis.Sdk.Payment.PayPal.js = Sdk\JavaScript\bNesis.Sdk.Payment.PayPal.js
		Sdk\JavaScript\bNesis.Sdk.Payment.Stripe.js = Sdk\JavaScript\bNesis.Sdk.Payment.Stripe.js
		Sdk\JavaScript\bNesis.Sdk.Social.Facebook.js = Sdk\JavaScript\bNesis.Sdk.Social.Facebook.js
		Sdk\JavaScript\bNesis.Sdk.Social.VKontakte.js = Sdk\JavaScript\bNesis.Sdk.Social.VKontakte.js
		Sdk\JavaScript\bNesis.Sdk.Test.bNesisTestService.js = Sdk\JavaScript\bNesis.Sdk.Test.bNesisTestService.js
	EndProjectSection
EndProject
Project("{2150E333-8FDC-42A3-9474-1A3956D46DE8}") = "MultiThread", "MultiThread", "{66C2F4CD-5B71-4080-B136-B3A5269BE971}"
EndProject
Project("{2150E333-8FDC-42A3-9474-1A3956D46DE8}") = "ClientServerTestingApp", "ClientServerTestingApp", "{9D66E2CA-7C89-4D9A-BA7E-4EB2E2A66EFB}"
EndProject
Project("{FAE04EC0-301F-11D3-BF4B-00C04F79EFBC}") = "bNesisTesting.MultiThread.ClientServerTestingApp", "Tests\MultiThread\ClientServerTestingApp\bNesisTesting.MultiThread.ClientServerTestingApp.csproj", "{FF23C57B-C15B-4329-832C-737E6FF53FD2}"
EndProject
Project("{2150E333-8FDC-42A3-9474-1A3956D46DE8}") = "SingleThread", "SingleThread", "{270BA91F-AAA3-4C74-975F-B439890281E0}"
EndProject
Project("{2150E333-8FDC-42A3-9474-1A3956D46DE8}") = "G6", "G6", "{E3E5706C-1A3E-4D4C-86DE-240E32C2DF6A}"
EndProject
Project("{FAE04EC0-301F-11D3-BF4B-00C04F79EFBC}") = "bNesisTesting.SingleThread.G6", "Tests\SingleThread\G6\bNesisTesting.SingleThread.G6.csproj", "{4CB094A5-1B40-4347-93A5-D21F65AEA9A6}"
EndProject
Project("{2150E333-8FDC-42A3-9474-1A3956D46DE8}") = "FromDenys", "FromDenys", "{0EE30A29-E86A-4BBB-8E47-5D695EB5F4D6}"
	ProjectSection(SolutionItems) = preProject
		Documentation\FromDenys\118TestSystemDevelopment.doc = Documentation\FromDenys\118TestSystemDevelopment.doc
		Documentation\FromDenys\API Helpdesk.doc = Documentation\FromDenys\API Helpdesk.doc
		Documentation\FromDenys\APIHelpDocumentationAndStripeService.doc = Documentation\FromDenys\APIHelpDocumentationAndStripeService.doc
		Documentation\FromDenys\bNesis.Tseitlin.Admin.doc = Documentation\FromDenys\bNesis.Tseitlin.Admin.doc
		Documentation\FromDenys\bNesis_Resources.doc = Documentation\FromDenys\bNesis_Resources.doc
		Documentation\FromDenys\bNesisAPI_2_Structure_07.08.2017_1.doc = Documentation\FromDenys\bNesisAPI_2_Structure_07.08.2017_1.doc
		Documentation\FromDenys\bNesisRoadMap_01.12.2017.doc = Documentation\FromDenys\bNesisRoadMap_01.12.2017.doc
		Documentation\FromDenys\bNesisServicesAndAPI.doc = Documentation\FromDenys\bNesisServicesAndAPI.doc
		Documentation\FromDenys\eCommerceThinClient.doc = Documentation\FromDenys\eCommerceThinClient.doc
		Documentation\FromDenys\examplesReadMe.doc = Documentation\FromDenys\examplesReadMe.doc
		Documentation\FromDenys\RC_Tasks.doc = Documentation\FromDenys\RC_Tasks.doc
		Documentation\FromDenys\SelectionGet_API.doc = Documentation\FromDenys\SelectionGet_API.doc
	EndProjectSection
EndProject
Project("{2150E333-8FDC-42A3-9474-1A3956D46DE8}") = "Final", "Final", "{F79D23CD-00AA-440B-AD9C-B5C387DFCD04}"
EndProject
Project("{2150E333-8FDC-42A3-9474-1A3956D46DE8}") = "Current", "Current", "{C774F101-3FCA-4BF2-AD8E-D458611E6723}"
EndProject
Project("{2150E333-8FDC-42A3-9474-1A3956D46DE8}") = "0.Task", "0.Task", "{CF858800-A9C1-491E-86E6-FED101E4B706}"
	ProjectSection(SolutionItems) = preProject
		Documentation\Current\0.Task\Tasks.txt = Documentation\Current\0.Task\Tasks.txt
	EndProjectSection
EndProject
Project("{2150E333-8FDC-42A3-9474-1A3956D46DE8}") = "1.Source", "1.Source", "{D3E8F781-844E-4B74-8AAA-522AC760AF3A}"
	ProjectSection(SolutionItems) = preProject
		Documentation\Current\1.Source\References.txt = Documentation\Current\1.Source\References.txt
	EndProjectSection
EndProject
Project("{2150E333-8FDC-42A3-9474-1A3956D46DE8}") = "2.Created", "2.Created", "{50BFB04D-8199-410A-840A-6DCF2AFDDAD0}"
	ProjectSection(SolutionItems) = preProject
		Documentation\Current\2.Created\4.Components View (English).docx = Documentation\Current\2.Created\4.Components View (English).docx
		Documentation\Current\2.Created\5.1. Use cases (PART 1) (English).docx = Documentation\Current\2.Created\5.1. Use cases (PART 1) (English).docx
		Documentation\Current\2.Created\5.1. Use cases (PART 1).docx = Documentation\Current\2.Created\5.1. Use cases (PART 1).docx
		Documentation\Current\2.Created\5.4. IP clearance (English).docx = Documentation\Current\2.Created\5.4. IP clearance (English).docx
		Documentation\Current\2.Created\5.4. IP clearance.docx = Documentation\Current\2.Created\5.4. IP clearance.docx
		Documentation\Current\2.Created\5.5, Usage Impact (English).docx = Documentation\Current\2.Created\5.5, Usage Impact (English).docx
		Documentation\Current\2.Created\5.5, Usage Impact.docx = Documentation\Current\2.Created\5.5, Usage Impact.docx
		Documentation\Current\2.Created\5.6. Code Testing and Code Quality (English).docx = Documentation\Current\2.Created\5.6. Code Testing and Code Quality (English).docx
		Documentation\Current\2.Created\5.6. Code Testing and Code Quality.docx = Documentation\Current\2.Created\5.6. Code Testing and Code Quality.docx
		Documentation\Current\2.Created\SAD_draft (English).mht = Documentation\Current\2.Created\SAD_draft (English).mht
	EndProjectSection
EndProject
Project("{2150E333-8FDC-42A3-9474-1A3956D46DE8}") = "3.Correction", "3.Correction", "{381256D7-221F-4B15-8926-733530C86683}"
EndProject
Project("{2150E333-8FDC-42A3-9474-1A3956D46DE8}") = "4.Ready", "4.Ready", "{7A34CECF-9E18-4EB0-B61B-95B04921A97B}"
EndProject
Project("{2150E333-8FDC-42A3-9474-1A3956D46DE8}") = "Cheme", "Cheme", "{34D8A48D-9A10-4BE1-B738-54228E7291CE}"
	ProjectSection(SolutionItems) = preProject
		Documentation\FromDenys\Cheme\api2_2.jpg = Documentation\FromDenys\Cheme\api2_2.jpg
		Documentation\FromDenys\Cheme\bNesisSDKRichClient.png = Documentation\FromDenys\Cheme\bNesisSDKRichClient.png
		Documentation\FromDenys\Cheme\cheme1.png = Documentation\FromDenys\Cheme\cheme1.png
		Documentation\FromDenys\Cheme\cheme2.png = Documentation\FromDenys\Cheme\cheme2.png
		Documentation\FromDenys\Cheme\cheme21.png = Documentation\FromDenys\Cheme\cheme21.png
		Documentation\FromDenys\Cheme\cheme3.png = Documentation\FromDenys\Cheme\cheme3.png
		Documentation\FromDenys\Cheme\cheme31.png = Documentation\FromDenys\Cheme\cheme31.png
		Documentation\FromDenys\Cheme\ecomerce.png = Documentation\FromDenys\Cheme\ecomerce.png
	EndProjectSection
EndProject
Project("{2150E333-8FDC-42A3-9474-1A3956D46DE8}") = "CSharp", "CSharp", "{974463A1-521F-4FBA-BC85-1353EBA55913}"
EndProject
Project("{2150E333-8FDC-42A3-9474-1A3956D46DE8}") = "JavaScript", "JavaScript", "{AF36FB29-51FD-4326-8CD4-ABEBC9E99ED5}"
EndProject
Project("{2150E333-8FDC-42A3-9474-1A3956D46DE8}") = "UkrPoshta", "UkrPoshta", "{EDA83E48-BD47-4170-96BB-688F467028A8}"
EndProject
Project("{2150E333-8FDC-42A3-9474-1A3956D46DE8}") = "1.Auth", "1.Auth", "{855A544E-8D1E-4D8F-96C4-3496FAB8B5C6}"
EndProject
Project("{2150E333-8FDC-42A3-9474-1A3956D46DE8}") = "2.Simple", "2.Simple", "{86EAADA1-3D9F-48AF-B087-CAB150D10E71}"
EndProject
Project("{2150E333-8FDC-42A3-9474-1A3956D46DE8}") = "4.AddShipmentAPI", "4.AddShipmentAPI", "{8667E28E-9BB5-4BC0-B80D-A2C6F8C4EDD9}"
EndProject
Project("{2150E333-8FDC-42A3-9474-1A3956D46DE8}") = "5.DownloadDocs", "5.DownloadDocs", "{136389D3-9A10-4A5D-B73D-3523242172F0}"
EndProject
Project("{2150E333-8FDC-42A3-9474-1A3956D46DE8}") = "6.SimpleUI", "6.SimpleUI", "{6F0CBF4D-08EF-4EE3-AEB7-3917D5A0A670}"
EndProject
Project("{2150E333-8FDC-42A3-9474-1A3956D46DE8}") = "7.Total", "7.Total", "{C3BCD81D-C19F-4D3C-A087-D94CEA301304}"
EndProject
Project("{FAE04EC0-301F-11D3-BF4B-00C04F79EFBC}") = "bNesis.Examples.UkrPoshtaApp.Auth", "Examples\CSharp\UkrPoshta\1.Auth\bNesis.Examples.UkrPoshtaApp.Auth\bNesis.Examples.UkrPoshtaApp.Auth.csproj", "{F9923FEA-BA14-4EFF-82E4-469A89B99003}"
EndProject
Project("{FAE04EC0-301F-11D3-BF4B-00C04F79EFBC}") = "bNesis.Examples.UkrPoshtaApp.Simple", "Examples\CSharp\UkrPoshta\2.Simple\bNesis.Examples.UkrPoshtaApp.Simple\bNesis.Examples.UkrPoshtaApp.Simple.csproj", "{4DD0476E-946A-4E80-AA07-CE97DD10FC2B}"
EndProject
Project("{2150E333-8FDC-42A3-9474-1A3956D46DE8}") = "3.AddCustomerApi", "3.AddCustomerApi", "{7CAFFDBB-9779-4E6E-B1F6-AB40A1AB59F0}"
EndProject
Project("{FAE04EC0-301F-11D3-BF4B-00C04F79EFBC}") = "bNesis.Examples.UkrPoshtaApp.AddShipmentApi", "Examples\CSharp\UkrPoshta\4.AddShipmentApi\bNesis.Examples.UkrPoshtaApp.AddShipmentApi\bNesis.Examples.UkrPoshtaApp.AddShipmentApi.csproj", "{099E2726-5A92-41B6-BF8B-BC562139F0EB}"
EndProject
Project("{FAE04EC0-301F-11D3-BF4B-00C04F79EFBC}") = "bNesis.Examples.UkrPoshtaApp.DownloadDocs", "Examples\CSharp\UkrPoshta\5.DownloadDocs\bNesis.Examples.UkrPoshtaApp.DownloadDocs\bNesis.Examples.UkrPoshtaApp.DownloadDocs.csproj", "{3DB3E2F7-32F5-407B-9506-0F04F0971271}"
EndProject
Project("{FAE04EC0-301F-11D3-BF4B-00C04F79EFBC}") = "bNesis.Examples.UkrPoshtaApp.SimpleUI", "Examples\CSharp\UkrPoshta\6.SimpleUI\bNesis.Examples.UkrPoshtaApp.SimpleUI\bNesis.Examples.UkrPoshtaApp.SimpleUI.csproj", "{E277F2BF-D18C-4584-A58F-D95D1305B8FB}"
EndProject
Project("{FAE04EC0-301F-11D3-BF4B-00C04F79EFBC}") = "bNesis.Examples.UkrPoshtaApp.Total", "Examples\CSharp\UkrPoshta\7.Total\bNesis.Examples.UkrPoshtaApp.Total\bNesis.Examples.UkrPoshtaApp.Total.csproj", "{E7184F54-FE56-4A99-9228-3FFFB599F511}"
EndProject
Project("{FAE04EC0-301F-11D3-BF4B-00C04F79EFBC}") = "bNesis.Examples.UkrPoshtaApp.AddCustomerApi", "Examples\CSharp\UkrPoshta\3.AddCustomerApi\bNesis.Examples.UkrPoshtaApp.AddCustomerApi\bNesis.Examples.UkrPoshtaApp.AddCustomerApi.csproj", "{3C39B4F8-E210-4D10-8915-009FD4AF4F78}"
EndProject
Project("{2150E333-8FDC-42A3-9474-1A3956D46DE8}") = "Dropbox", "Dropbox", "{A854308D-B0B5-41F7-929B-513D4874E6DC}"
EndProject
Project("{2150E333-8FDC-42A3-9474-1A3956D46DE8}") = "1.Auth", "1.Auth", "{93D2D03B-36A5-4F93-8DA9-A08434CF7FDE}"
EndProject
Project("{2150E333-8FDC-42A3-9474-1A3956D46DE8}") = "3.DownloadUpload", "3.DownloadUpload", "{7C6F8B66-1DAB-419B-B757-A05D213D5E4A}"
EndProject
Project("{2150E333-8FDC-42A3-9474-1A3956D46DE8}") = "UkrPoshta", "UkrPoshta", "{F2230A90-D598-4CBE-B34A-28BEF409C4AF}"
EndProject
Project("{2150E333-8FDC-42A3-9474-1A3956D46DE8}") = "1.Auth", "1.Auth", "{F07C1D54-75E1-4889-9573-2F74465032AE}"
EndProject
Project("{FAE04EC0-301F-11D3-BF4B-00C04F79EFBC}") = "bNesis.Examples.UkrPoshtaWeb.Auth", "Examples\JavaScript\UkrPoshta\1.Auth\bNesis.Examples.UkrPoshtaWeb.Auth\bNesis.Examples.UkrPoshtaWeb.Auth.csproj", "{EF84041C-7BCC-4A1C-81DC-8821F7909FBA}"
EndProject
Project("{2150E333-8FDC-42A3-9474-1A3956D46DE8}") = "2.Simple", "2.Simple", "{8C6508AB-33EE-4A73-8FF9-9A8BA444AC05}"
EndProject
Project("{FAE04EC0-301F-11D3-BF4B-00C04F79EFBC}") = "bNesis.Examples.UkrPoshtaWeb.Simple", "Examples\JavaScript\UkrPoshta\2.Simple\bNesis.Examples.UkrPoshtaWeb.Simple\bNesis.Examples.UkrPoshtaWeb.Simple.csproj", "{FD2A9B3B-8A09-4156-9B9B-6B9AC2F5E3E6}"
EndProject
Project("{FAE04EC0-301F-11D3-BF4B-00C04F79EFBC}") = "bNesis.Examples.DropboxApp.Auth", "Examples\CSharp\Dropbox\1.Auth\bNesis.Examples.DropboxApp.Auth\bNesis.Examples.DropboxApp.Auth.csproj", "{49DC3BB4-8316-46DB-9292-411038D3D02A}"
EndProject
Project("{2150E333-8FDC-42A3-9474-1A3956D46DE8}") = "2.FilesList", "2.FilesList", "{2C7FF004-110E-4A1F-A74D-05779FC9808D}"
EndProject
Project("{FAE04EC0-301F-11D3-BF4B-00C04F79EFBC}") = "bNesis.Examples.DropboxApp.DownloadUpload", "Examples\CSharp\Dropbox\3.DownloadUpload\bNesis.Examples.DropboxApp.DownloadUpload\bNesis.Examples.DropboxApp.DownloadUpload.csproj", "{201B51C0-A152-47F3-BE8A-46C2DC3CF106}"
EndProject
Project("{2150E333-8FDC-42A3-9474-1A3956D46DE8}") = "3.AddCustomerApi", "3.AddCustomerApi", "{74FC4951-B133-48BD-BA98-51D3657FF805}"
EndProject
Project("{FAE04EC0-301F-11D3-BF4B-00C04F79EFBC}") = "bNesis.Examples.UkrPoshtaWeb.AddCustomerApi", "Examples\JavaScript\UkrPoshta\3.AddCustomerApi\bNesis.Examples.UkrPoshtaWeb.AddCustomerApi\bNesis.Examples.UkrPoshtaWeb.AddCustomerApi.csproj", "{48EF4250-2216-4A6E-B088-B5ACBD63D916}"
EndProject
Project("{FAE04EC0-301F-11D3-BF4B-00C04F79EFBC}") = "bNesis.Examples.UkrPoshtaWeb.AddShipmentApi", "Examples\JavaScript\UkrPoshta\4.AddShipmentApi\bNesis.Examples.UkrPoshtaWeb.AddShipmentApi\bNesis.Examples.UkrPoshtaWeb.AddShipmentApi.csproj", "{C25AD7FF-57F9-468F-AA3F-09505F0DBF46}"
EndProject
Project("{2150E333-8FDC-42A3-9474-1A3956D46DE8}") = "4.AddShipmentAPI", "4.AddShipmentAPI", "{36F95A4F-D8F9-4321-B239-C43BE2DED826}"
EndProject
Project("{2150E333-8FDC-42A3-9474-1A3956D46DE8}") = "LinkedIn", "LinkedIn", "{F1BC4733-B77C-49AF-BE72-051E959CB9B3}"
EndProject
Project("{2150E333-8FDC-42A3-9474-1A3956D46DE8}") = "1.Auth", "1.Auth", "{13732EF9-11C7-49D5-8777-BF7C80430B0F}"
EndProject
Project("{FAE04EC0-301F-11D3-BF4B-00C04F79EFBC}") = "bNesis.Examples.LinkedInApp.Auth", "Examples\CSharp\LinkedIn\1.Auth\bNesis.Examples.LinkedInApp.Auth\bNesis.Examples.LinkedInApp.Auth.csproj", "{65C03977-140A-40DA-9FB3-BA681B0132C1}"
EndProject
Project("{2150E333-8FDC-42A3-9474-1A3956D46DE8}") = "5.DownloadDocs", "5.DownloadDocs", "{10139797-87EF-4C59-A296-658F74C6FF0B}"
EndProject
Project("{FAE04EC0-301F-11D3-BF4B-00C04F79EFBC}") = "bNesis.Examples.UkrPoshtaWeb.DownloadDocs", "Examples\JavaScript\UkrPoshta\5.DownloadDocs\bNesis.Examples.UkrPoshtaWeb.DownloadDocs\bNesis.Examples.UkrPoshtaWeb.DownloadDocs.csproj", "{E9DA6776-91F4-4499-9B9E-A91648219E2D}"
EndProject
Project("{2150E333-8FDC-42A3-9474-1A3956D46DE8}") = "6.SimpleUI", "6.SimpleUI", "{598EAA5B-CA83-4965-899D-CE89B1F218AE}"
EndProject
Project("{FAE04EC0-301F-11D3-BF4B-00C04F79EFBC}") = "bNesis.Examples.UkrPoshtaWeb.SimpleUI", "Examples\JavaScript\UkrPoshta\6.SimpleUI\bNesis.Examples.UkrPoshtaWeb.SimpleUI\bNesis.Examples.UkrPoshtaWeb.SimpleUI.csproj", "{ABEAB199-5D1F-4FA4-9745-46E6EB156765}"
EndProject
Project("{2150E333-8FDC-42A3-9474-1A3956D46DE8}") = "Facebook", "Facebook", "{B54DE87A-0FDA-4341-BE93-B4F80300A937}"
EndProject
Project("{2150E333-8FDC-42A3-9474-1A3956D46DE8}") = "1.Auth", "1.Auth", "{ED81A62A-D491-44C0-92A7-19F7C371A397}"
EndProject
Project("{FAE04EC0-301F-11D3-BF4B-00C04F79EFBC}") = "bNesis.Examples.FacebookApp.Auth", "Examples\CSharp\Facebook\1.Auth\bNesis.Examples.FacebookApp.Auth\bNesis.Examples.FacebookApp.Auth.csproj", "{411A82DA-5966-47A5-93A0-29E43BEEF765}"
EndProject
Project("{FAE04EC0-301F-11D3-BF4B-00C04F79EFBC}") = "bNesis.Examples.DropboxApp.FilesList", "Examples\CSharp\Dropbox\2.FilesList\bNesis.Examples.DropboxApp.FilesList\bNesis.Examples.DropboxApp.FilesList.csproj", "{35D61BD8-2D51-400B-865F-8F2CA697E039}"
EndProject
Project("{2150E333-8FDC-42A3-9474-1A3956D46DE8}") = "Prozzoro", "Prozzoro", "{55AFB6FE-625E-4F06-9791-BA66BB973AFF}"
EndProject
Project("{2150E333-8FDC-42A3-9474-1A3956D46DE8}") = "1.Auth", "1.Auth", "{215C7B94-C241-4438-B4DC-DF41AAB94A43}"
EndProject
Project("{FAE04EC0-301F-11D3-BF4B-00C04F79EFBC}") = "bNesis.Examples.ProzzoroApp.Auth", "Examples\CSharp\Prozzoro\1.Auth\bNesis.Examples.ProzzoroApp.Auth\bNesis.Examples.ProzzoroApp.Auth.csproj", "{36A91A5B-2DF7-410D-BC9B-9FE3DDE3387F}"
EndProject
Project("{2150E333-8FDC-42A3-9474-1A3956D46DE8}") = "2.Simple", "2.Simple", "{E94C0325-5181-4AFC-82CB-F0F661244EDB}"
EndProject
Project("{FAE04EC0-301F-11D3-BF4B-00C04F79EFBC}") = "bNesis.Examples.LinkedInApp.Simple", "Examples\CSharp\LinkedIn\2.Simple\bNesis.Examples.LinkedInApp.Simple\bNesis.Examples.LinkedInApp.Simple.csproj", "{0FEC0BD7-1933-4978-9ABA-3C5FD04C9AC5}"
EndProject
Project("{2150E333-8FDC-42A3-9474-1A3956D46DE8}") = "3.SharePostApi", "3.SharePostApi", "{B315EFAC-F720-41E9-81C3-BDB140FEA71B}"
EndProject
Project("{FAE04EC0-301F-11D3-BF4B-00C04F79EFBC}") = "bNesis.Examples.LinkedInApp.SharePostApi", "Examples\CSharp\LinkedIn\3.SharePostApi\bNesis.Examples.LinkedInApp.SharePostApi\bNesis.Examples.LinkedInApp.SharePostApi.csproj", "{2236758D-3856-4F58-B878-79F1F537E59D}"
EndProject
Project("{2150E333-8FDC-42A3-9474-1A3956D46DE8}") = "Dropbox", "Dropbox", "{2C287A11-2158-4F07-B543-33D948621C1C}"
EndProject
Project("{2150E333-8FDC-42A3-9474-1A3956D46DE8}") = "1.Auth", "1.Auth", "{98AD4B6A-03D5-47EA-838F-F17286B4DBC2}"
EndProject
Project("{FAE04EC0-301F-11D3-BF4B-00C04F79EFBC}") = "bNesis.Examples.DropboxWeb.Auth", "Examples\JavaScript\Dropbox\1.Auth\bNesis.Examples.DropboxWeb.Auth\bNesis.Examples.DropboxWeb.Auth.csproj", "{BB4C8EF0-0443-47C3-AD20-D432B7E2B792}"
EndProject
Global
	GlobalSection(SolutionConfigurationPlatforms) = preSolution
		Debug|Any CPU = Debug|Any CPU
		Release|Any CPU = Release|Any CPU
	EndGlobalSection
	GlobalSection(ProjectConfigurationPlatforms) = postSolution
		{C0108246-4EC9-4CFB-890D-28614C6AB62A}.Debug|Any CPU.ActiveCfg = Debug|Any CPU
		{C0108246-4EC9-4CFB-890D-28614C6AB62A}.Debug|Any CPU.Build.0 = Debug|Any CPU
		{C0108246-4EC9-4CFB-890D-28614C6AB62A}.Release|Any CPU.ActiveCfg = Release|Any CPU
		{C0108246-4EC9-4CFB-890D-28614C6AB62A}.Release|Any CPU.Build.0 = Release|Any CPU
		{FF23C57B-C15B-4329-832C-737E6FF53FD2}.Debug|Any CPU.ActiveCfg = Debug|Any CPU
		{FF23C57B-C15B-4329-832C-737E6FF53FD2}.Debug|Any CPU.Build.0 = Debug|Any CPU
		{FF23C57B-C15B-4329-832C-737E6FF53FD2}.Release|Any CPU.ActiveCfg = Release|Any CPU
		{FF23C57B-C15B-4329-832C-737E6FF53FD2}.Release|Any CPU.Build.0 = Release|Any CPU
		{4CB094A5-1B40-4347-93A5-D21F65AEA9A6}.Debug|Any CPU.ActiveCfg = Debug|Any CPU
		{4CB094A5-1B40-4347-93A5-D21F65AEA9A6}.Debug|Any CPU.Build.0 = Debug|Any CPU
		{4CB094A5-1B40-4347-93A5-D21F65AEA9A6}.Release|Any CPU.ActiveCfg = Release|Any CPU
		{4CB094A5-1B40-4347-93A5-D21F65AEA9A6}.Release|Any CPU.Build.0 = Release|Any CPU
		{F9923FEA-BA14-4EFF-82E4-469A89B99003}.Debug|Any CPU.ActiveCfg = Debug|Any CPU
		{F9923FEA-BA14-4EFF-82E4-469A89B99003}.Debug|Any CPU.Build.0 = Debug|Any CPU
		{F9923FEA-BA14-4EFF-82E4-469A89B99003}.Release|Any CPU.ActiveCfg = Release|Any CPU
		{F9923FEA-BA14-4EFF-82E4-469A89B99003}.Release|Any CPU.Build.0 = Release|Any CPU
		{4DD0476E-946A-4E80-AA07-CE97DD10FC2B}.Debug|Any CPU.ActiveCfg = Debug|Any CPU
		{4DD0476E-946A-4E80-AA07-CE97DD10FC2B}.Debug|Any CPU.Build.0 = Debug|Any CPU
		{4DD0476E-946A-4E80-AA07-CE97DD10FC2B}.Release|Any CPU.ActiveCfg = Release|Any CPU
		{4DD0476E-946A-4E80-AA07-CE97DD10FC2B}.Release|Any CPU.Build.0 = Release|Any CPU
		{099E2726-5A92-41B6-BF8B-BC562139F0EB}.Debug|Any CPU.ActiveCfg = Debug|Any CPU
		{099E2726-5A92-41B6-BF8B-BC562139F0EB}.Debug|Any CPU.Build.0 = Debug|Any CPU
		{099E2726-5A92-41B6-BF8B-BC562139F0EB}.Release|Any CPU.ActiveCfg = Release|Any CPU
		{099E2726-5A92-41B6-BF8B-BC562139F0EB}.Release|Any CPU.Build.0 = Release|Any CPU
		{3DB3E2F7-32F5-407B-9506-0F04F0971271}.Debug|Any CPU.ActiveCfg = Debug|Any CPU
		{3DB3E2F7-32F5-407B-9506-0F04F0971271}.Debug|Any CPU.Build.0 = Debug|Any CPU
		{3DB3E2F7-32F5-407B-9506-0F04F0971271}.Release|Any CPU.ActiveCfg = Release|Any CPU
		{3DB3E2F7-32F5-407B-9506-0F04F0971271}.Release|Any CPU.Build.0 = Release|Any CPU
		{E277F2BF-D18C-4584-A58F-D95D1305B8FB}.Debug|Any CPU.ActiveCfg = Debug|Any CPU
		{E277F2BF-D18C-4584-A58F-D95D1305B8FB}.Debug|Any CPU.Build.0 = Debug|Any CPU
		{E277F2BF-D18C-4584-A58F-D95D1305B8FB}.Release|Any CPU.ActiveCfg = Release|Any CPU
		{E277F2BF-D18C-4584-A58F-D95D1305B8FB}.Release|Any CPU.Build.0 = Release|Any CPU
		{E7184F54-FE56-4A99-9228-3FFFB599F511}.Debug|Any CPU.ActiveCfg = Debug|Any CPU
		{E7184F54-FE56-4A99-9228-3FFFB599F511}.Debug|Any CPU.Build.0 = Debug|Any CPU
		{E7184F54-FE56-4A99-9228-3FFFB599F511}.Release|Any CPU.ActiveCfg = Release|Any CPU
		{E7184F54-FE56-4A99-9228-3FFFB599F511}.Release|Any CPU.Build.0 = Release|Any CPU
		{3C39B4F8-E210-4D10-8915-009FD4AF4F78}.Debug|Any CPU.ActiveCfg = Debug|Any CPU
		{3C39B4F8-E210-4D10-8915-009FD4AF4F78}.Debug|Any CPU.Build.0 = Debug|Any CPU
		{3C39B4F8-E210-4D10-8915-009FD4AF4F78}.Release|Any CPU.ActiveCfg = Release|Any CPU
		{3C39B4F8-E210-4D10-8915-009FD4AF4F78}.Release|Any CPU.Build.0 = Release|Any CPU
		{EF84041C-7BCC-4A1C-81DC-8821F7909FBA}.Debug|Any CPU.ActiveCfg = Debug|Any CPU
		{EF84041C-7BCC-4A1C-81DC-8821F7909FBA}.Debug|Any CPU.Build.0 = Debug|Any CPU
		{EF84041C-7BCC-4A1C-81DC-8821F7909FBA}.Release|Any CPU.ActiveCfg = Release|Any CPU
		{EF84041C-7BCC-4A1C-81DC-8821F7909FBA}.Release|Any CPU.Build.0 = Release|Any CPU
		{FD2A9B3B-8A09-4156-9B9B-6B9AC2F5E3E6}.Debug|Any CPU.ActiveCfg = Debug|Any CPU
		{FD2A9B3B-8A09-4156-9B9B-6B9AC2F5E3E6}.Debug|Any CPU.Build.0 = Debug|Any CPU
		{FD2A9B3B-8A09-4156-9B9B-6B9AC2F5E3E6}.Release|Any CPU.ActiveCfg = Release|Any CPU
		{FD2A9B3B-8A09-4156-9B9B-6B9AC2F5E3E6}.Release|Any CPU.Build.0 = Release|Any CPU
		{49DC3BB4-8316-46DB-9292-411038D3D02A}.Debug|Any CPU.ActiveCfg = Debug|Any CPU
		{49DC3BB4-8316-46DB-9292-411038D3D02A}.Debug|Any CPU.Build.0 = Debug|Any CPU
		{49DC3BB4-8316-46DB-9292-411038D3D02A}.Release|Any CPU.ActiveCfg = Release|Any CPU
		{49DC3BB4-8316-46DB-9292-411038D3D02A}.Release|Any CPU.Build.0 = Release|Any CPU
		{201B51C0-A152-47F3-BE8A-46C2DC3CF106}.Debug|Any CPU.ActiveCfg = Debug|Any CPU
		{201B51C0-A152-47F3-BE8A-46C2DC3CF106}.Debug|Any CPU.Build.0 = Debug|Any CPU
		{201B51C0-A152-47F3-BE8A-46C2DC3CF106}.Release|Any CPU.ActiveCfg = Release|Any CPU
		{201B51C0-A152-47F3-BE8A-46C2DC3CF106}.Release|Any CPU.Build.0 = Release|Any CPU
		{48EF4250-2216-4A6E-B088-B5ACBD63D916}.Debug|Any CPU.ActiveCfg = Debug|Any CPU
		{48EF4250-2216-4A6E-B088-B5ACBD63D916}.Debug|Any CPU.Build.0 = Debug|Any CPU
		{48EF4250-2216-4A6E-B088-B5ACBD63D916}.Release|Any CPU.ActiveCfg = Release|Any CPU
		{48EF4250-2216-4A6E-B088-B5ACBD63D916}.Release|Any CPU.Build.0 = Release|Any CPU
		{C25AD7FF-57F9-468F-AA3F-09505F0DBF46}.Debug|Any CPU.ActiveCfg = Debug|Any CPU
		{C25AD7FF-57F9-468F-AA3F-09505F0DBF46}.Debug|Any CPU.Build.0 = Debug|Any CPU
		{C25AD7FF-57F9-468F-AA3F-09505F0DBF46}.Release|Any CPU.ActiveCfg = Release|Any CPU
		{C25AD7FF-57F9-468F-AA3F-09505F0DBF46}.Release|Any CPU.Build.0 = Release|Any CPU
		{65C03977-140A-40DA-9FB3-BA681B0132C1}.Debug|Any CPU.ActiveCfg = Debug|Any CPU
		{65C03977-140A-40DA-9FB3-BA681B0132C1}.Debug|Any CPU.Build.0 = Debug|Any CPU
		{65C03977-140A-40DA-9FB3-BA681B0132C1}.Release|Any CPU.ActiveCfg = Release|Any CPU
		{65C03977-140A-40DA-9FB3-BA681B0132C1}.Release|Any CPU.Build.0 = Release|Any CPU
		{E9DA6776-91F4-4499-9B9E-A91648219E2D}.Debug|Any CPU.ActiveCfg = Debug|Any CPU
		{E9DA6776-91F4-4499-9B9E-A91648219E2D}.Debug|Any CPU.Build.0 = Debug|Any CPU
		{E9DA6776-91F4-4499-9B9E-A91648219E2D}.Release|Any CPU.ActiveCfg = Release|Any CPU
		{E9DA6776-91F4-4499-9B9E-A91648219E2D}.Release|Any CPU.Build.0 = Release|Any CPU
		{ABEAB199-5D1F-4FA4-9745-46E6EB156765}.Debug|Any CPU.ActiveCfg = Debug|Any CPU
		{ABEAB199-5D1F-4FA4-9745-46E6EB156765}.Debug|Any CPU.Build.0 = Debug|Any CPU
		{ABEAB199-5D1F-4FA4-9745-46E6EB156765}.Release|Any CPU.ActiveCfg = Release|Any CPU
		{ABEAB199-5D1F-4FA4-9745-46E6EB156765}.Release|Any CPU.Build.0 = Release|Any CPU
		{411A82DA-5966-47A5-93A0-29E43BEEF765}.Debug|Any CPU.ActiveCfg = Debug|Any CPU
		{411A82DA-5966-47A5-93A0-29E43BEEF765}.Debug|Any CPU.Build.0 = Debug|Any CPU
		{411A82DA-5966-47A5-93A0-29E43BEEF765}.Release|Any CPU.ActiveCfg = Release|Any CPU
		{411A82DA-5966-47A5-93A0-29E43BEEF765}.Release|Any CPU.Build.0 = Release|Any CPU
		{35D61BD8-2D51-400B-865F-8F2CA697E039}.Debug|Any CPU.ActiveCfg = Debug|Any CPU
		{35D61BD8-2D51-400B-865F-8F2CA697E039}.Debug|Any CPU.Build.0 = Debug|Any CPU
		{35D61BD8-2D51-400B-865F-8F2CA697E039}.Release|Any CPU.ActiveCfg = Release|Any CPU
		{35D61BD8-2D51-400B-865F-8F2CA697E039}.Release|Any CPU.Build.0 = Release|Any CPU
		{36A91A5B-2DF7-410D-BC9B-9FE3DDE3387F}.Debug|Any CPU.ActiveCfg = Debug|Any CPU
		{36A91A5B-2DF7-410D-BC9B-9FE3DDE3387F}.Debug|Any CPU.Build.0 = Debug|Any CPU
		{36A91A5B-2DF7-410D-BC9B-9FE3DDE3387F}.Release|Any CPU.ActiveCfg = Release|Any CPU
		{36A91A5B-2DF7-410D-BC9B-9FE3DDE3387F}.Release|Any CPU.Build.0 = Release|Any CPU
		{0FEC0BD7-1933-4978-9ABA-3C5FD04C9AC5}.Debug|Any CPU.ActiveCfg = Debug|Any CPU
		{0FEC0BD7-1933-4978-9ABA-3C5FD04C9AC5}.Debug|Any CPU.Build.0 = Debug|Any CPU
		{0FEC0BD7-1933-4978-9ABA-3C5FD04C9AC5}.Release|Any CPU.ActiveCfg = Release|Any CPU
		{0FEC0BD7-1933-4978-9ABA-3C5FD04C9AC5}.Release|Any CPU.Build.0 = Release|Any CPU
		{2236758D-3856-4F58-B878-79F1F537E59D}.Debug|Any CPU.ActiveCfg = Debug|Any CPU
		{2236758D-3856-4F58-B878-79F1F537E59D}.Debug|Any CPU.Build.0 = Debug|Any CPU
		{2236758D-3856-4F58-B878-79F1F537E59D}.Release|Any CPU.ActiveCfg = Release|Any CPU
		{2236758D-3856-4F58-B878-79F1F537E59D}.Release|Any CPU.Build.0 = Release|Any CPU
		{BB4C8EF0-0443-47C3-AD20-D432B7E2B792}.Debug|Any CPU.ActiveCfg = Debug|Any CPU
		{BB4C8EF0-0443-47C3-AD20-D432B7E2B792}.Debug|Any CPU.Build.0 = Debug|Any CPU
		{BB4C8EF0-0443-47C3-AD20-D432B7E2B792}.Release|Any CPU.ActiveCfg = Release|Any CPU
		{BB4C8EF0-0443-47C3-AD20-D432B7E2B792}.Release|Any CPU.Build.0 = Release|Any CPU
	EndGlobalSection
	GlobalSection(SolutionProperties) = preSolution
		HideSolutionNode = FALSE
	EndGlobalSection
	GlobalSection(NestedProjects) = preSolution
		{1CDE1C66-655A-4DA7-A397-D1FE1B4126BC} = {6347475A-9128-4B18-A0A5-B12270085EA2}
		{C0108246-4EC9-4CFB-890D-28614C6AB62A} = {1CDE1C66-655A-4DA7-A397-D1FE1B4126BC}
		{B6631545-D938-4FED-A453-91CE0642F43E} = {6347475A-9128-4B18-A0A5-B12270085EA2}
		{66C2F4CD-5B71-4080-B136-B3A5269BE971} = {E5D848B5-6473-44A4-AE79-06F77C0B3E57}
		{9D66E2CA-7C89-4D9A-BA7E-4EB2E2A66EFB} = {66C2F4CD-5B71-4080-B136-B3A5269BE971}
		{FF23C57B-C15B-4329-832C-737E6FF53FD2} = {9D66E2CA-7C89-4D9A-BA7E-4EB2E2A66EFB}
		{270BA91F-AAA3-4C74-975F-B439890281E0} = {E5D848B5-6473-44A4-AE79-06F77C0B3E57}
		{E3E5706C-1A3E-4D4C-86DE-240E32C2DF6A} = {270BA91F-AAA3-4C74-975F-B439890281E0}
		{4CB094A5-1B40-4347-93A5-D21F65AEA9A6} = {E3E5706C-1A3E-4D4C-86DE-240E32C2DF6A}
		{0EE30A29-E86A-4BBB-8E47-5D695EB5F4D6} = {AC66A562-FDDB-4BCD-9CF7-D13ECAF752D9}
		{F79D23CD-00AA-440B-AD9C-B5C387DFCD04} = {AC66A562-FDDB-4BCD-9CF7-D13ECAF752D9}
		{C774F101-3FCA-4BF2-AD8E-D458611E6723} = {AC66A562-FDDB-4BCD-9CF7-D13ECAF752D9}
		{CF858800-A9C1-491E-86E6-FED101E4B706} = {C774F101-3FCA-4BF2-AD8E-D458611E6723}
		{D3E8F781-844E-4B74-8AAA-522AC760AF3A} = {C774F101-3FCA-4BF2-AD8E-D458611E6723}
		{50BFB04D-8199-410A-840A-6DCF2AFDDAD0} = {C774F101-3FCA-4BF2-AD8E-D458611E6723}
		{381256D7-221F-4B15-8926-733530C86683} = {C774F101-3FCA-4BF2-AD8E-D458611E6723}
		{7A34CECF-9E18-4EB0-B61B-95B04921A97B} = {C774F101-3FCA-4BF2-AD8E-D458611E6723}
		{34D8A48D-9A10-4BE1-B738-54228E7291CE} = {0EE30A29-E86A-4BBB-8E47-5D695EB5F4D6}
		{974463A1-521F-4FBA-BC85-1353EBA55913} = {D980CE68-5F2E-4B00-A317-16FD378310E1}
		{AF36FB29-51FD-4326-8CD4-ABEBC9E99ED5} = {D980CE68-5F2E-4B00-A317-16FD378310E1}
		{EDA83E48-BD47-4170-96BB-688F467028A8} = {974463A1-521F-4FBA-BC85-1353EBA55913}
		{855A544E-8D1E-4D8F-96C4-3496FAB8B5C6} = {EDA83E48-BD47-4170-96BB-688F467028A8}
		{86EAADA1-3D9F-48AF-B087-CAB150D10E71} = {EDA83E48-BD47-4170-96BB-688F467028A8}
		{8667E28E-9BB5-4BC0-B80D-A2C6F8C4EDD9} = {EDA83E48-BD47-4170-96BB-688F467028A8}
		{136389D3-9A10-4A5D-B73D-3523242172F0} = {EDA83E48-BD47-4170-96BB-688F467028A8}
		{6F0CBF4D-08EF-4EE3-AEB7-3917D5A0A670} = {EDA83E48-BD47-4170-96BB-688F467028A8}
		{C3BCD81D-C19F-4D3C-A087-D94CEA301304} = {EDA83E48-BD47-4170-96BB-688F467028A8}
		{F9923FEA-BA14-4EFF-82E4-469A89B99003} = {855A544E-8D1E-4D8F-96C4-3496FAB8B5C6}
		{4DD0476E-946A-4E80-AA07-CE97DD10FC2B} = {86EAADA1-3D9F-48AF-B087-CAB150D10E71}
		{7CAFFDBB-9779-4E6E-B1F6-AB40A1AB59F0} = {EDA83E48-BD47-4170-96BB-688F467028A8}
		{099E2726-5A92-41B6-BF8B-BC562139F0EB} = {8667E28E-9BB5-4BC0-B80D-A2C6F8C4EDD9}
		{3DB3E2F7-32F5-407B-9506-0F04F0971271} = {136389D3-9A10-4A5D-B73D-3523242172F0}
		{E277F2BF-D18C-4584-A58F-D95D1305B8FB} = {6F0CBF4D-08EF-4EE3-AEB7-3917D5A0A670}
		{E7184F54-FE56-4A99-9228-3FFFB599F511} = {C3BCD81D-C19F-4D3C-A087-D94CEA301304}
		{3C39B4F8-E210-4D10-8915-009FD4AF4F78} = {7CAFFDBB-9779-4E6E-B1F6-AB40A1AB59F0}
		{A854308D-B0B5-41F7-929B-513D4874E6DC} = {974463A1-521F-4FBA-BC85-1353EBA55913}
		{93D2D03B-36A5-4F93-8DA9-A08434CF7FDE} = {A854308D-B0B5-41F7-929B-513D4874E6DC}
		{7C6F8B66-1DAB-419B-B757-A05D213D5E4A} = {A854308D-B0B5-41F7-929B-513D4874E6DC}
		{F2230A90-D598-4CBE-B34A-28BEF409C4AF} = {AF36FB29-51FD-4326-8CD4-ABEBC9E99ED5}
		{F07C1D54-75E1-4889-9573-2F74465032AE} = {F2230A90-D598-4CBE-B34A-28BEF409C4AF}
		{EF84041C-7BCC-4A1C-81DC-8821F7909FBA} = {F07C1D54-75E1-4889-9573-2F74465032AE}
		{8C6508AB-33EE-4A73-8FF9-9A8BA444AC05} = {F2230A90-D598-4CBE-B34A-28BEF409C4AF}
		{FD2A9B3B-8A09-4156-9B9B-6B9AC2F5E3E6} = {8C6508AB-33EE-4A73-8FF9-9A8BA444AC05}
		{49DC3BB4-8316-46DB-9292-411038D3D02A} = {93D2D03B-36A5-4F93-8DA9-A08434CF7FDE}
		{2C7FF004-110E-4A1F-A74D-05779FC9808D} = {A854308D-B0B5-41F7-929B-513D4874E6DC}
		{201B51C0-A152-47F3-BE8A-46C2DC3CF106} = {7C6F8B66-1DAB-419B-B757-A05D213D5E4A}
		{74FC4951-B133-48BD-BA98-51D3657FF805} = {F2230A90-D598-4CBE-B34A-28BEF409C4AF}
		{48EF4250-2216-4A6E-B088-B5ACBD63D916} = {74FC4951-B133-48BD-BA98-51D3657FF805}
		{C25AD7FF-57F9-468F-AA3F-09505F0DBF46} = {36F95A4F-D8F9-4321-B239-C43BE2DED826}
		{36F95A4F-D8F9-4321-B239-C43BE2DED826} = {F2230A90-D598-4CBE-B34A-28BEF409C4AF}
		{F1BC4733-B77C-49AF-BE72-051E959CB9B3} = {974463A1-521F-4FBA-BC85-1353EBA55913}
		{13732EF9-11C7-49D5-8777-BF7C80430B0F} = {F1BC4733-B77C-49AF-BE72-051E959CB9B3}
		{65C03977-140A-40DA-9FB3-BA681B0132C1} = {13732EF9-11C7-49D5-8777-BF7C80430B0F}
		{10139797-87EF-4C59-A296-658F74C6FF0B} = {F2230A90-D598-4CBE-B34A-28BEF409C4AF}
		{E9DA6776-91F4-4499-9B9E-A91648219E2D} = {10139797-87EF-4C59-A296-658F74C6FF0B}
		{598EAA5B-CA83-4965-899D-CE89B1F218AE} = {F2230A90-D598-4CBE-B34A-28BEF409C4AF}
		{ABEAB199-5D1F-4FA4-9745-46E6EB156765} = {598EAA5B-CA83-4965-899D-CE89B1F218AE}
		{B54DE87A-0FDA-4341-BE93-B4F80300A937} = {974463A1-521F-4FBA-BC85-1353EBA55913}
		{ED81A62A-D491-44C0-92A7-19F7C371A397} = {B54DE87A-0FDA-4341-BE93-B4F80300A937}
		{411A82DA-5966-47A5-93A0-29E43BEEF765} = {ED81A62A-D491-44C0-92A7-19F7C371A397}
		{35D61BD8-2D51-400B-865F-8F2CA697E039} = {2C7FF004-110E-4A1F-A74D-05779FC9808D}
		{55AFB6FE-625E-4F06-9791-BA66BB973AFF} = {974463A1-521F-4FBA-BC85-1353EBA55913}
		{215C7B94-C241-4438-B4DC-DF41AAB94A43} = {55AFB6FE-625E-4F06-9791-BA66BB973AFF}
		{36A91A5B-2DF7-410D-BC9B-9FE3DDE3387F} = {215C7B94-C241-4438-B4DC-DF41AAB94A43}
		{E94C0325-5181-4AFC-82CB-F0F661244EDB} = {F1BC4733-B77C-49AF-BE72-051E959CB9B3}
		{0FEC0BD7-1933-4978-9ABA-3C5FD04C9AC5} = {E94C0325-5181-4AFC-82CB-F0F661244EDB}
		{B315EFAC-F720-41E9-81C3-BDB140FEA71B} = {F1BC4733-B77C-49AF-BE72-051E959CB9B3}
		{2236758D-3856-4F58-B878-79F1F537E59D} = {B315EFAC-F720-41E9-81C3-BDB140FEA71B}
		{2C287A11-2158-4F07-B543-33D948621C1C} = {AF36FB29-51FD-4326-8CD4-ABEBC9E99ED5}
		{98AD4B6A-03D5-47EA-838F-F17286B4DBC2} = {2C287A11-2158-4F07-B543-33D948621C1C}
		{BB4C8EF0-0443-47C3-AD20-D432B7E2B792} = {98AD4B6A-03D5-47EA-838F-F17286B4DBC2}
	EndGlobalSection
EndGlobal
