
Microsoft Visual Studio Solution File, Format Version 12.00
# Visual Studio 15
VisualStudioVersion = 15.0.27428.2015
MinimumVisualStudioVersion = 10.0.40219.1
Project("{2150E333-8FDC-42A3-9474-1A3956D46DE8}") = "Examples", "Examples", "{6813208F-5BF4-4448-8EDD-631F590B8E64}"
EndProject
Project("{2150E333-8FDC-42A3-9474-1A3956D46DE8}") = "JavaScript", "JavaScript", "{CD0AC29F-E469-431C-A418-990F825A53C4}"
EndProject
Project("{2150E333-8FDC-42A3-9474-1A3956D46DE8}") = "Dropbox", "Dropbox", "{FADEB271-04C7-4FA1-9559-6119812044D0}"
EndProject
Project("{2150E333-8FDC-42A3-9474-1A3956D46DE8}") = "1.Auth", "1.Auth", "{AF1EA95F-8FEE-48E1-B868-5648DE477546}"
EndProject
Project("{FAE04EC0-301F-11D3-BF4B-00C04F79EFBC}") = "bNesis.Examples.DropboxWeb.Auth", "Examples\JavaScript\Dropbox\1.Auth\bNesis.Examples.DropboxWeb.Auth\bNesis.Examples.DropboxWeb.Auth.csproj", "{BB4C8EF0-0443-47C3-AD20-D432B7E2B792}"
EndProject
Project("{2150E333-8FDC-42A3-9474-1A3956D46DE8}") = "UkrPoshta", "UkrPoshta", "{5DCFB742-7C30-4A34-85E0-D1AFF854949D}"
EndProject
Project("{2150E333-8FDC-42A3-9474-1A3956D46DE8}") = "1.Auth", "1.Auth", "{71551B63-3B00-46E3-BBF1-4A59270F136F}"
EndProject
Project("{2150E333-8FDC-42A3-9474-1A3956D46DE8}") = "2.Simple", "2.Simple", "{EF8C71AF-E6C0-4AB8-823E-7CE3A91AE3F2}"
EndProject
Project("{2150E333-8FDC-42A3-9474-1A3956D46DE8}") = "2.FilesList", "2.FilesList", "{A18DFF6E-6245-49D7-A988-D8E545360304}"
EndProject
Project("{FAE04EC0-301F-11D3-BF4B-00C04F79EFBC}") = "bNesis.Examples.DropboxWeb.FilesList", "Examples\JavaScript\Dropbox\2.FilesList\bNesis.Examples.DropboxWeb.FilesList\bNesis.Examples.DropboxWeb.FilesList.csproj", "{AE5875A0-B0FD-4EF2-A9A3-D0643A2B9BA0}"
EndProject
Project("{FAE04EC0-301F-11D3-BF4B-00C04F79EFBC}") = "bNesis.Examples.UkrPoshtaWeb.Auth", "Examples\JavaScript\UkrPoshta\1.Auth\bNesis.Examples.UkrPoshtaWeb.Auth\bNesis.Examples.UkrPoshtaWeb.Auth.csproj", "{EF84041C-7BCC-4A1C-81DC-8821F7909FBA}"
EndProject
Project("{FAE04EC0-301F-11D3-BF4B-00C04F79EFBC}") = "bNesis.Examples.UkrPoshtaWeb.Simple", "Examples\JavaScript\UkrPoshta\2.Simple\bNesis.Examples.UkrPoshtaWeb.Simple\bNesis.Examples.UkrPoshtaWeb.Simple.csproj", "{FD2A9B3B-8A09-4156-9B9B-6B9AC2F5E3E6}"
EndProject
Project("{2150E333-8FDC-42A3-9474-1A3956D46DE8}") = "3.AddCustomerApi", "3.AddCustomerApi", "{0C250B97-E9F1-4961-AF99-FC8716380EDA}"
EndProject
Project("{2150E333-8FDC-42A3-9474-1A3956D46DE8}") = "4.AddShipmentApi", "4.AddShipmentApi", "{40AFBCFB-E9C9-4C2D-B832-CE833DD1C9F1}"
EndProject
Project("{FAE04EC0-301F-11D3-BF4B-00C04F79EFBC}") = "bNesis.Examples.UkrPoshtaWeb.AddCustomerApi", "Examples\JavaScript\UkrPoshta\3.AddCustomerApi\bNesis.Examples.UkrPoshtaWeb.AddCustomerApi\bNesis.Examples.UkrPoshtaWeb.AddCustomerApi.csproj", "{48EF4250-2216-4A6E-B088-B5ACBD63D916}"
EndProject
Project("{FAE04EC0-301F-11D3-BF4B-00C04F79EFBC}") = "bNesis.Examples.UkrPoshtaWeb.AddShipmentApi", "Examples\JavaScript\UkrPoshta\4.AddShipmentApi\bNesis.Examples.UkrPoshtaWeb.AddShipmentApi\bNesis.Examples.UkrPoshtaWeb.AddShipmentApi.csproj", "{C25AD7FF-57F9-468F-AA3F-09505F0DBF46}"
EndProject
Project("{2150E333-8FDC-42A3-9474-1A3956D46DE8}") = "Facebook", "Facebook", "{F2439600-54EA-4F17-AE6E-8DACA925D7E9}"
EndProject
Project("{2150E333-8FDC-42A3-9474-1A3956D46DE8}") = "1.Auth", "1.Auth", "{7AF5128A-C473-41F7-A718-0CBD352666F7}"
EndProject
Project("{2150E333-8FDC-42A3-9474-1A3956D46DE8}") = "2.GetUserInfo", "2.GetUserInfo", "{DFC58F38-2B0B-4D02-8DFA-09C07686200D}"
EndProject
Project("{2150E333-8FDC-42A3-9474-1A3956D46DE8}") = "3.PostMessageFeed", "3.PostMessageFeed", "{81BEDB04-DA28-4CD9-A081-DB9B39974211}"
EndProject
Project("{FAE04EC0-301F-11D3-BF4B-00C04F79EFBC}") = "bNesis.Examples.FacebookWeb.Auth", "Examples\JavaScript\Facebook\1.Auth\bNesis.Examples.FacebookWeb.Auth\bNesis.Examples.FacebookWeb.Auth.csproj", "{80DED306-1211-4576-A546-58F5ED314C22}"
EndProject
Project("{FAE04EC0-301F-11D3-BF4B-00C04F79EFBC}") = "bNesis.Examples.FacebookWeb.GetUserInfo", "Examples\JavaScript\Facebook\2.GetUserInfo\bNesis.Examples.FacebookWeb.GetUserInfo\bNesis.Examples.FacebookWeb.GetUserInfo.csproj", "{1A84AC86-2E06-4FB2-809E-ACF5E5C05ADC}"
EndProject
Project("{FAE04EC0-301F-11D3-BF4B-00C04F79EFBC}") = "bNesis.Examples.FacebookWeb.PostMessageFeed", "Examples\JavaScript\Facebook\3.PostMessageFeed\bNesis.Examples.FacebookWeb.PostMessageFeed\bNesis.Examples.FacebookWeb.PostMessageFeed.csproj", "{52319D14-AF60-47FA-80B5-A9A87E8326E7}"
EndProject
Project("{2150E333-8FDC-42A3-9474-1A3956D46DE8}") = "4.GetFriends", "4.GetFriends", "{39B1D65F-D7C9-4DCD-B0BB-76E8FB31A785}"
EndProject
Project("{2150E333-8FDC-42A3-9474-1A3956D46DE8}") = "7.GetFriends in XML", "7.GetFriends in XML", "{23034FF4-C230-4170-ACE2-1E8344DF3C84}"
EndProject
Project("{2150E333-8FDC-42A3-9474-1A3956D46DE8}") = "5.GetFeed", "5.GetFeed", "{B08B3458-E10F-4184-9A03-CBDA77ECEA0A}"
EndProject
Project("{2150E333-8FDC-42A3-9474-1A3956D46DE8}") = "6.GetPhoto", "6.GetPhoto", "{10211541-4BF9-4E20-B628-26A3609C2F28}"
EndProject
Project("{FAE04EC0-301F-11D3-BF4B-00C04F79EFBC}") = "bNesis.Examples.FacebookWeb.GetFriends", "Examples\JavaScript\Facebook\4.GetFriends\bNesis.Examples.FacebookWeb.GetFriends\bNesis.Examples.FacebookWeb.GetFriends.csproj", "{9C53B19F-49A5-4907-B254-518635AC1A3B}"
EndProject
Project("{FAE04EC0-301F-11D3-BF4B-00C04F79EFBC}") = "bNesis.Examples.FacebookWeb.GetFeed", "Examples\JavaScript\Facebook\5.GetFeed\bNesis.Examples.FacebookWeb.GetFeed\bNesis.Examples.FacebookWeb.GetFeed.csproj", "{DECEB53D-0D05-485B-B960-656C06119B60}"
EndProject
Project("{FAE04EC0-301F-11D3-BF4B-00C04F79EFBC}") = "bNesis.Examples.FacebookWeb.GetPhoto", "Examples\JavaScript\Facebook\6.GetPhoto\bNesis.Examples.FacebookWeb.GetPhoto\bNesis.Examples.FacebookWeb.GetPhoto.csproj", "{B7419488-2474-4B50-B61B-1B49E0782E54}"
EndProject
Project("{FAE04EC0-301F-11D3-BF4B-00C04F79EFBC}") = "bNesis.Examples.FacebookWeb.GetFriendsInXML", "Examples\JavaScript\Facebook\7.GetFriends in XML\bNesis.Examples.FacebookWeb.GetFriendsInXML\bNesis.Examples.FacebookWeb.GetFriendsInXML.csproj", "{6844D730-58C7-4099-9567-E27EB1782AC6}"
EndProject
Project("{2150E333-8FDC-42A3-9474-1A3956D46DE8}") = "8.GetUserInfor in XML", "8.GetUserInfor in XML", "{8C2276A5-A231-4ED9-B28A-6C1BFDB8B5E7}"
EndProject
Project("{2150E333-8FDC-42A3-9474-1A3956D46DE8}") = "9.GetFeed in XML", "9.GetFeed in XML", "{CA789D1D-427B-4622-B0AB-4D091772858C}"
EndProject
Project("{2150E333-8FDC-42A3-9474-1A3956D46DE8}") = "10.GetPhoto in XML", "10.GetPhoto in XML", "{99DC6B28-A6B8-417A-A6F8-C442746127DB}"
EndProject
Project("{2150E333-8FDC-42A3-9474-1A3956D46DE8}") = "11.GetEmail in XML", "11.GetEmail in XML", "{22F1C329-8C23-4E0B-8D40-9FF4D249AD3F}"
EndProject
Project("{2150E333-8FDC-42A3-9474-1A3956D46DE8}") = "12.GetName in XML", "12.GetName in XML", "{167FD6A1-0258-4D6B-B517-B5D5FEFD6E69}"
EndProject
Project("{2150E333-8FDC-42A3-9474-1A3956D46DE8}") = "13.GetDevices in XML", "13.GetDevices in XML", "{EAC51B1F-D0C9-413D-B87C-D69D2A4E37F2}"
EndProject
Project("{2150E333-8FDC-42A3-9474-1A3956D46DE8}") = "14.GetLocation in XML", "14.GetLocation in XML", "{AC53B2C6-50FD-4FA0-A3D8-E5F22DF0B594}"
EndProject
Project("{2150E333-8FDC-42A3-9474-1A3956D46DE8}") = "15.GetWork in XML", "15.GetWork in XML", "{0EEEF54F-C57D-46AE-9CBD-265F56B8FE8F}"
EndProject
Project("{2150E333-8FDC-42A3-9474-1A3956D46DE8}") = "16.GetEducation in XML", "16.GetEducation in XML", "{02E9BD2B-92A0-4CAA-9965-5B9E3869D4BB}"
EndProject
Project("{2150E333-8FDC-42A3-9474-1A3956D46DE8}") = "17.GetBithday in XML", "17.GetBithday in XML", "{03E01569-FB14-4DA4-A12C-8E6F5149DC7D}"
EndProject
Project("{FAE04EC0-301F-11D3-BF4B-00C04F79EFBC}") = "bNesis.Examples.FacebookWeb.GetUserInfoInXML", "Examples\JavaScript\Facebook\8.GetUserInfo in XML\bNesis.Examples.FacebookWeb.GetUserInfoInXML\bNesis.Examples.FacebookWeb.GetUserInfoInXML.csproj", "{9F614CD4-64AE-478A-A8A0-DA4B67E979F0}"
EndProject
Project("{FAE04EC0-301F-11D3-BF4B-00C04F79EFBC}") = "bNesis.Examples.FacebookWeb.GetFeedInXML", "Examples\JavaScript\Facebook\9.GetFeed in XML\bNesis.Examples.FacebookWeb.GetFeedInXML\bNesis.Examples.FacebookWeb.GetFeedInXML.csproj", "{2C206E97-B512-4473-94AC-28D92AA98047}"
EndProject
Project("{FAE04EC0-301F-11D3-BF4B-00C04F79EFBC}") = "bNesis.Examples.FacebookWeb.GetPhotoInXML", "Examples\JavaScript\Facebook\10.GetPhoto in XML\bNesis.Examples.FacebookWeb.GetPhotoInXML\bNesis.Examples.FacebookWeb.GetPhotoInXML.csproj", "{C2C80A54-508B-4B98-98B8-B938AAD9FC04}"
EndProject
Project("{FAE04EC0-301F-11D3-BF4B-00C04F79EFBC}") = "bNesis.Examples.FacebookWeb.GetEmailInXML", "Examples\JavaScript\Facebook\11.GetEmail in XML\bNesis.Examples.FacebookWeb.GetEmailInXML\bNesis.Examples.FacebookWeb.GetEmailInXML.csproj", "{BC51D082-00E3-4603-A210-9A021D9B93CD}"
EndProject
Project("{FAE04EC0-301F-11D3-BF4B-00C04F79EFBC}") = "bNesis.Examples.FacebookWeb.GetNameInXML", "Examples\JavaScript\Facebook\12.GetName in XML\bNesis.Examples.FacebookWeb.GetNameInXML\bNesis.Examples.FacebookWeb.GetNameInXML.csproj", "{810427FF-38F8-4E70-9F08-861E8A01A489}"
EndProject
Project("{FAE04EC0-301F-11D3-BF4B-00C04F79EFBC}") = "bNesis.Examples.FacebookWeb.GetDevicesInXML", "Examples\JavaScript\Facebook\13.GetDevices in XML\bNesis.Examples.FacebookWeb.GetDevicesInXML\bNesis.Examples.FacebookWeb.GetDevicesInXML.csproj", "{A89F01AB-E2D8-47B5-B965-F6417F111135}"
EndProject
Project("{FAE04EC0-301F-11D3-BF4B-00C04F79EFBC}") = "bNesis.Examples.FacebookWeb.GetLocationInXML", "Examples\JavaScript\Facebook\14.GetLocation in XML\bNesis.Examples.FacebookWeb.GetLocationInXML\bNesis.Examples.FacebookWeb.GetLocationInXML.csproj", "{DA84923D-9832-4176-B3CA-02E7DFD46032}"
EndProject
Project("{FAE04EC0-301F-11D3-BF4B-00C04F79EFBC}") = "bNesis.Examples.FacebookWeb.GetWorkInXML", "Examples\JavaScript\Facebook\15.GetWork in XML\bNesis.Examples.FacebookWeb.GetWorkInXML\bNesis.Examples.FacebookWeb.GetWorkInXML.csproj", "{C5946D58-2FA1-4130-9312-189D4C8A581B}"
EndProject
Project("{FAE04EC0-301F-11D3-BF4B-00C04F79EFBC}") = "bNesis.Examples.FacebookWeb.GetEducationInXML", "Examples\JavaScript\Facebook\16.GetEducation in XML\bNesis.Examples.FacebookWeb.GetEducationInXML\bNesis.Examples.FacebookWeb.GetEducationInXML.csproj", "{6479F669-F4B5-434D-8CE2-22202AE6CA08}"
EndProject
Project("{FAE04EC0-301F-11D3-BF4B-00C04F79EFBC}") = "bNesis.Examples.FacebookWeb.GetBirthdayInXML", "Examples\JavaScript\Facebook\17.GetBirthday in XML\bNesis.Examples.FacebookWeb.GetBirthdayInXML\bNesis.Examples.FacebookWeb.GetBirthdayInXML.csproj", "{DAE060CD-3615-4697-8F3E-3BDB8AD5B4A9}"
EndProject
Project("{2150E333-8FDC-42A3-9474-1A3956D46DE8}") = "18.GetCurrency in XML", "18.GetCurrency in XML", "{1CD45322-F30F-4E16-B77A-A9AC9A016F38}"
EndProject
Project("{2150E333-8FDC-42A3-9474-1A3956D46DE8}") = "19.GetGender in XML", "19.GetGender in XML", "{6DBF1507-38D5-4F3C-8010-2A1FB7DC37ED}"
EndProject
Project("{2150E333-8FDC-42A3-9474-1A3956D46DE8}") = "20.GetHomeTown in XML", "20.GetHomeTown in XML", "{B104F5DA-A0DF-4A30-8700-ABA175072977}"
EndProject
Project("{2150E333-8FDC-42A3-9474-1A3956D46DE8}") = "21.GetLink in XML", "21.GetLink in XML", "{6A784AB5-3E2B-491C-B1EF-90926F59BAAE}"
EndProject
Project("{2150E333-8FDC-42A3-9474-1A3956D46DE8}") = "22.GetPolitical in XML", "22.GetPolitical in XML", "{03C7AF47-EF28-4810-8157-F919E66A9B6D}"
EndProject
Project("{2150E333-8FDC-42A3-9474-1A3956D46DE8}") = "23.GetReligion in XML", "23.GetReligion in XML", "{CD13B049-9BE9-4134-9A32-EE6177B891C9}"
EndProject
Project("{2150E333-8FDC-42A3-9474-1A3956D46DE8}") = "24.GetContext in XML", "24.GetContext in XML", "{9220D793-4188-4574-9966-FBB1336FE787}"
EndProject
Project("{2150E333-8FDC-42A3-9474-1A3956D46DE8}") = "25.GetQuotes in XML", "25.GetQuotes in XML", "{CE599880-A4AD-4A94-97A2-A0B7B46D24F2}"
EndProject
Project("{2150E333-8FDC-42A3-9474-1A3956D46DE8}") = "26.GetCover in XML", "26.GetCover in XML", "{0D9B11E8-9B67-444B-9C7A-B8A812231363}"
EndProject
Project("{2150E333-8FDC-42A3-9474-1A3956D46DE8}") = "27.GetFavoriteAthletes in XML", "27.GetFavoriteAthletes in XML", "{2C2D91E8-AAF8-4BA4-8C74-ABC366A12642}"
EndProject
Project("{2150E333-8FDC-42A3-9474-1A3956D46DE8}") = "28.GetFavoriteTeams in XML", "28.GetFavoriteTeams in XML", "{20431D80-D139-4F74-87F5-2835289E88BF}"
EndProject
Project("{FAE04EC0-301F-11D3-BF4B-00C04F79EFBC}") = "bNesis.Examples.FacebookWeb.GetCurrencyInXML", "Examples\JavaScript\Facebook\18.GetCurrency in XML\bNesis.Examples.FacebookWeb.GetCurrencyInXML\bNesis.Examples.FacebookWeb.GetCurrencyInXML.csproj", "{241707AA-6E3E-45BB-83F2-766B07A2F614}"
EndProject
Project("{FAE04EC0-301F-11D3-BF4B-00C04F79EFBC}") = "bNesis.Examples.FacebookWeb.GetGenderInXML", "Examples\JavaScript\Facebook\19.GetGender in XML\bNesis.Examples.FacebookWeb.GetGenderInXML\bNesis.Examples.FacebookWeb.GetGenderInXML.csproj", "{8D1A1BDB-D96D-4E0C-9EFF-6062FAD79306}"
EndProject
Project("{FAE04EC0-301F-11D3-BF4B-00C04F79EFBC}") = "bNesis.Examples.FacebookWeb.GetHometownInXML", "Examples\JavaScript\Facebook\20.GetHometown in XML\bNesis.Examples.FacebookWeb.GetHometownInXML\bNesis.Examples.FacebookWeb.GetHometownInXML.csproj", "{4799827A-0BD7-4D4F-92F0-E7EDD11E7922}"
EndProject
Project("{FAE04EC0-301F-11D3-BF4B-00C04F79EFBC}") = "bNesis.Examples.FacebookWeb.GetLinkInXML", "Examples\JavaScript\Facebook\21.GetLink in XML\bNesis.Examples.FacebookWeb.GetLinkInXML\bNesis.Examples.FacebookWeb.GetLinkInXML.csproj", "{FEEC7FF2-EC9A-4D42-8C08-F24837705A3F}"
EndProject
Project("{FAE04EC0-301F-11D3-BF4B-00C04F79EFBC}") = "bNesis.Examples.FacebookWeb.GetPoliticalInXML", "Examples\JavaScript\Facebook\22.GetPolitical in XML\bNesis.Examples.FacebookWeb.GetPoliticalInXML\bNesis.Examples.FacebookWeb.GetPoliticalInXML.csproj", "{02157ABC-688F-4754-BE69-0DE5EA576E47}"
EndProject
Project("{FAE04EC0-301F-11D3-BF4B-00C04F79EFBC}") = "bNesis.Examples.FaceboobWeb.GetReligionInXML", "Examples\JavaScript\Facebook\23.GetReligion in XML\bNesis.Examples.FaceboobWeb.GetReligionInXML\bNesis.Examples.FaceboobWeb.GetReligionInXML.csproj", "{EFDAB91A-BC60-42C5-8D8D-1D66DD9114AA}"
EndProject
Project("{FAE04EC0-301F-11D3-BF4B-00C04F79EFBC}") = "bNesis.Examples.FacebookWeb.GetContextInXML", "Examples\JavaScript\Facebook\24.GetContext in XML\bNesis.Examples.FacebookWeb.GetContextInXML\bNesis.Examples.FacebookWeb.GetContextInXML.csproj", "{AE55303F-6D8D-4DEC-AD0E-5D621FE09768}"
EndProject
Project("{FAE04EC0-301F-11D3-BF4B-00C04F79EFBC}") = "bNesis.Examples.FacebookWeb.GetQuotesInXML", "Examples\JavaScript\Facebook\25.GetQuotes in XML\bNesis.Examples.FacebookWeb.GetQuotesInXML\bNesis.Examples.FacebookWeb.GetQuotesInXML.csproj", "{95A10505-4A50-4432-A975-BAA76ECF9FF5}"
EndProject
Project("{FAE04EC0-301F-11D3-BF4B-00C04F79EFBC}") = "bNesis.Examples.FacebookWeb.GetCoverInXML", "Examples\JavaScript\Facebook\26.GetCover in XML\bNesis.Examples.FacebookWeb.GetCoverInXML\bNesis.Examples.FacebookWeb.GetCoverInXML.csproj", "{357DB1BE-038D-46D9-ABDE-AAD79EDB43B1}"
EndProject
Project("{FAE04EC0-301F-11D3-BF4B-00C04F79EFBC}") = "bNesis.Examples.FacebookWeb.GetFavoriteAthletesInXML", "Examples\JavaScript\Facebook\27.GetFavoriteAthletes in XML\bNesis.Examples.FacebookWeb.GetFavoriteAthletesInXML\bNesis.Examples.FacebookWeb.GetFavoriteAthletesInXML.csproj", "{9CF8342A-6E1E-4C47-8F4C-BA27D0382FDC}"
EndProject
Project("{FAE04EC0-301F-11D3-BF4B-00C04F79EFBC}") = "bNesis.Examples.FacebookWeb.GetFavoriteTeamsInXML", "Examples\JavaScript\Facebook\28.GetFavoriteTeams in XML\bNesis.Examples.FacebookWeb.GetFavoriteTeamsInXML\bNesis.Examples.FacebookWeb.GetFavoriteTeamsInXML.csproj", "{729AA14C-90D0-4788-AEE9-968FC6360B2D}"
EndProject
Project("{2150E333-8FDC-42A3-9474-1A3956D46DE8}") = "GoogleDrive", "GoogleDrive", "{44AC0D04-1F3D-494F-8D0B-666C9988E853}"
EndProject
Project("{2150E333-8FDC-42A3-9474-1A3956D46DE8}") = "1.Auth", "1.Auth", "{D84B5E28-8E78-4AC9-9B1C-E9ADDA96677F}"
EndProject
Project("{FAE04EC0-301F-11D3-BF4B-00C04F79EFBC}") = "bNesis.Examples.GoogleDriveWeb.Auth", "Examples\JavaScript\GoogleDrive\1.Auth\bNesis.Examples.GoogleDriveWeb.Auth\bNesis.Examples.GoogleDriveWeb.Auth.csproj", "{AFFA0FCB-3927-47BB-AE7E-2F5718D8FC70}"
EndProject
Project("{2150E333-8FDC-42A3-9474-1A3956D46DE8}") = "LinkedIn", "LinkedIn", "{E8036BF5-2DF7-4C87-B7B7-C0BD6A8D04B7}"
EndProject
Project("{2150E333-8FDC-42A3-9474-1A3956D46DE8}") = "1.Auth", "1.Auth", "{8128EA11-31DD-4303-B201-17EDBAA0D0C2}"
EndProject
Project("{2150E333-8FDC-42A3-9474-1A3956D46DE8}") = "2.Simple", "2.Simple", "{F82ED2E7-B72C-422A-8FEB-0B9840820B78}"
EndProject
Project("{2150E333-8FDC-42A3-9474-1A3956D46DE8}") = "3.SharePostApi", "3.SharePostApi", "{18311A85-5567-42F2-913E-49E74443734B}"
EndProject
Project("{2150E333-8FDC-42A3-9474-1A3956D46DE8}") = "4.GetCompanyProileV1Api", "4.GetCompanyProileV1Api", "{8369EB59-E01B-40F8-8885-39E9B9840D1F}"
EndProject
Project("{2150E333-8FDC-42A3-9474-1A3956D46DE8}") = "5.GetMemberProfileV1 in XML", "5.GetMemberProfileV1 in XML", "{FD5F2564-188D-4B01-835D-52BCFD9710C3}"
EndProject
Project("{FAE04EC0-301F-11D3-BF4B-00C04F79EFBC}") = "bNesis.Examples.LinkedInWeb.Auth", "Examples\JavaScript\LinkedIn\1.Auth\bNesis.Examples.LinkedInWeb.Auth\bNesis.Examples.LinkedInWeb.Auth.csproj", "{CAB0FF10-0A8C-4234-8CA7-84A1A640D9E5}"
EndProject
Project("{FAE04EC0-301F-11D3-BF4B-00C04F79EFBC}") = "bNesis.Examples.LinkedInWeb.Simple", "Examples\JavaScript\LinkedIn\2.Simple\bNesis.Examples.LinkedInWeb.Simple\bNesis.Examples.LinkedInWeb.Simple.csproj", "{4A64E024-A306-4995-825B-99B2823BD95B}"
EndProject
Project("{FAE04EC0-301F-11D3-BF4B-00C04F79EFBC}") = "bNesis.Examples.LinkedInWeb.SharePostApi", "Examples\JavaScript\LinkedIn\3.SharePostApi\bNesis.Examples.LinkedInWeb.SharePostApi\bNesis.Examples.LinkedInWeb.SharePostApi.csproj", "{16E9E2CE-45DA-4721-9BC6-39C77564CBE7}"
EndProject
Project("{FAE04EC0-301F-11D3-BF4B-00C04F79EFBC}") = "bNesis.Examples.LinkedInWeb.GetCompanyProfileV1Api", "Examples\JavaScript\LinkedIn\4.GetCompanyProfileV1Api\bNesis.Examples.LinkedInWeb.GetCompanyProfileV1Api\bNesis.Examples.LinkedInWeb.GetCompanyProfileV1Api.csproj", "{9C61A7C4-A28F-4EDE-9DE9-785834595A91}"
EndProject
Project("{FAE04EC0-301F-11D3-BF4B-00C04F79EFBC}") = "bNesis.Examples.LinkedInWeb.GetMemberProfileV1inXML", "Examples\JavaScript\LinkedIn\5.GetMemberProfileV1 in XML\bNesis.Examples.LinkedInWeb.GetMemberProfileV1inXML\bNesis.Examples.LinkedInWeb.GetMemberProfileV1inXML.csproj", "{566E503E-B625-49AB-A102-7B5CDE82317F}"
EndProject
Project("{2150E333-8FDC-42A3-9474-1A3956D46DE8}") = "Prozzorro", "Prozzorro", "{DAD2B953-CB0A-41C2-99FC-B9F0BA2FA6AD}"
EndProject
Project("{2150E333-8FDC-42A3-9474-1A3956D46DE8}") = "1.Auth", "1.Auth", "{3F4EB369-183F-494C-B4AF-45591757404B}"
EndProject
Project("{FAE04EC0-301F-11D3-BF4B-00C04F79EFBC}") = "bNesis.Examples.ProzzoroWeb.Auth", "Examples\JavaScript\Prozzoro\1.Auth\bNesis.Examples.ProzzoroWeb.Auth\bNesis.Examples.ProzzoroWeb.Auth.csproj", "{394D5415-3AD1-479E-9E1F-EB3293B2E5C9}"
EndProject
Project("{2150E333-8FDC-42A3-9474-1A3956D46DE8}") = "Shopify", "Shopify", "{8C944806-E6DF-4D8B-9091-B7452004C62E}"
EndProject
Project("{2150E333-8FDC-42A3-9474-1A3956D46DE8}") = "1.Auth", "1.Auth", "{EB408504-E989-4779-AFDB-9E48E3E6046B}"
EndProject
Project("{FAE04EC0-301F-11D3-BF4B-00C04F79EFBC}") = "bNesis.Examples.ShopifyWeb.Auth", "Examples\JavaScript\Shopify\1.Auth\bNesis.Examples.ShopifyWeb.Auth\bNesis.Examples.ShopifyWeb.Auth.csproj", "{D791E726-83AF-40C0-9108-5DE82F77903F}"
EndProject
Project("{2150E333-8FDC-42A3-9474-1A3956D46DE8}") = "Vkontakte", "Vkontakte", "{354E54B5-0CDE-4DDF-8B9B-6ECE3D292984}"
EndProject
Project("{2150E333-8FDC-42A3-9474-1A3956D46DE8}") = "1.Auth", "1.Auth", "{C65F4018-D7E9-491C-B296-2C0E1AC8F8F0}"
EndProject
Project("{FAE04EC0-301F-11D3-BF4B-00C04F79EFBC}") = "bNesis.Examples.VkontakteWeb.Auth", "Examples\JavaScript\Vkontakte\1.Auth\bNesis.Examples.VkontakteWeb.Auth\bNesis.Examples.VkontakteWeb.Auth.csproj", "{F35304F0-B2B9-4984-8DED-A741022B03F8}"
EndProject
Global
	GlobalSection(SolutionConfigurationPlatforms) = preSolution
		Debug|Any CPU = Debug|Any CPU
		Release|Any CPU = Release|Any CPU
	EndGlobalSection
	GlobalSection(ProjectConfigurationPlatforms) = postSolution
		{BB4C8EF0-0443-47C3-AD20-D432B7E2B792}.Debug|Any CPU.ActiveCfg = Debug|Any CPU
		{BB4C8EF0-0443-47C3-AD20-D432B7E2B792}.Debug|Any CPU.Build.0 = Debug|Any CPU
		{BB4C8EF0-0443-47C3-AD20-D432B7E2B792}.Release|Any CPU.ActiveCfg = Release|Any CPU
		{BB4C8EF0-0443-47C3-AD20-D432B7E2B792}.Release|Any CPU.Build.0 = Release|Any CPU
		{AE5875A0-B0FD-4EF2-A9A3-D0643A2B9BA0}.Debug|Any CPU.ActiveCfg = Debug|Any CPU
		{AE5875A0-B0FD-4EF2-A9A3-D0643A2B9BA0}.Debug|Any CPU.Build.0 = Debug|Any CPU
		{AE5875A0-B0FD-4EF2-A9A3-D0643A2B9BA0}.Release|Any CPU.ActiveCfg = Release|Any CPU
		{AE5875A0-B0FD-4EF2-A9A3-D0643A2B9BA0}.Release|Any CPU.Build.0 = Release|Any CPU
		{EF84041C-7BCC-4A1C-81DC-8821F7909FBA}.Debug|Any CPU.ActiveCfg = Debug|Any CPU
		{EF84041C-7BCC-4A1C-81DC-8821F7909FBA}.Debug|Any CPU.Build.0 = Debug|Any CPU
		{EF84041C-7BCC-4A1C-81DC-8821F7909FBA}.Release|Any CPU.ActiveCfg = Release|Any CPU
		{EF84041C-7BCC-4A1C-81DC-8821F7909FBA}.Release|Any CPU.Build.0 = Release|Any CPU
		{FD2A9B3B-8A09-4156-9B9B-6B9AC2F5E3E6}.Debug|Any CPU.ActiveCfg = Debug|Any CPU
		{FD2A9B3B-8A09-4156-9B9B-6B9AC2F5E3E6}.Debug|Any CPU.Build.0 = Debug|Any CPU
		{FD2A9B3B-8A09-4156-9B9B-6B9AC2F5E3E6}.Release|Any CPU.ActiveCfg = Release|Any CPU
		{FD2A9B3B-8A09-4156-9B9B-6B9AC2F5E3E6}.Release|Any CPU.Build.0 = Release|Any CPU
		{48EF4250-2216-4A6E-B088-B5ACBD63D916}.Debug|Any CPU.ActiveCfg = Debug|Any CPU
		{48EF4250-2216-4A6E-B088-B5ACBD63D916}.Debug|Any CPU.Build.0 = Debug|Any CPU
		{48EF4250-2216-4A6E-B088-B5ACBD63D916}.Release|Any CPU.ActiveCfg = Release|Any CPU
		{48EF4250-2216-4A6E-B088-B5ACBD63D916}.Release|Any CPU.Build.0 = Release|Any CPU
		{C25AD7FF-57F9-468F-AA3F-09505F0DBF46}.Debug|Any CPU.ActiveCfg = Debug|Any CPU
		{C25AD7FF-57F9-468F-AA3F-09505F0DBF46}.Debug|Any CPU.Build.0 = Debug|Any CPU
		{C25AD7FF-57F9-468F-AA3F-09505F0DBF46}.Release|Any CPU.ActiveCfg = Release|Any CPU
		{C25AD7FF-57F9-468F-AA3F-09505F0DBF46}.Release|Any CPU.Build.0 = Release|Any CPU
		{80DED306-1211-4576-A546-58F5ED314C22}.Debug|Any CPU.ActiveCfg = Debug|Any CPU
		{80DED306-1211-4576-A546-58F5ED314C22}.Debug|Any CPU.Build.0 = Debug|Any CPU
		{80DED306-1211-4576-A546-58F5ED314C22}.Release|Any CPU.ActiveCfg = Release|Any CPU
		{80DED306-1211-4576-A546-58F5ED314C22}.Release|Any CPU.Build.0 = Release|Any CPU
		{1A84AC86-2E06-4FB2-809E-ACF5E5C05ADC}.Debug|Any CPU.ActiveCfg = Debug|Any CPU
		{1A84AC86-2E06-4FB2-809E-ACF5E5C05ADC}.Debug|Any CPU.Build.0 = Debug|Any CPU
		{1A84AC86-2E06-4FB2-809E-ACF5E5C05ADC}.Release|Any CPU.ActiveCfg = Release|Any CPU
		{1A84AC86-2E06-4FB2-809E-ACF5E5C05ADC}.Release|Any CPU.Build.0 = Release|Any CPU
		{52319D14-AF60-47FA-80B5-A9A87E8326E7}.Debug|Any CPU.ActiveCfg = Debug|Any CPU
		{52319D14-AF60-47FA-80B5-A9A87E8326E7}.Debug|Any CPU.Build.0 = Debug|Any CPU
		{52319D14-AF60-47FA-80B5-A9A87E8326E7}.Release|Any CPU.ActiveCfg = Release|Any CPU
		{52319D14-AF60-47FA-80B5-A9A87E8326E7}.Release|Any CPU.Build.0 = Release|Any CPU
		{9C53B19F-49A5-4907-B254-518635AC1A3B}.Debug|Any CPU.ActiveCfg = Debug|Any CPU
		{9C53B19F-49A5-4907-B254-518635AC1A3B}.Debug|Any CPU.Build.0 = Debug|Any CPU
		{9C53B19F-49A5-4907-B254-518635AC1A3B}.Release|Any CPU.ActiveCfg = Release|Any CPU
		{9C53B19F-49A5-4907-B254-518635AC1A3B}.Release|Any CPU.Build.0 = Release|Any CPU
		{DECEB53D-0D05-485B-B960-656C06119B60}.Debug|Any CPU.ActiveCfg = Debug|Any CPU
		{DECEB53D-0D05-485B-B960-656C06119B60}.Debug|Any CPU.Build.0 = Debug|Any CPU
		{DECEB53D-0D05-485B-B960-656C06119B60}.Release|Any CPU.ActiveCfg = Release|Any CPU
		{DECEB53D-0D05-485B-B960-656C06119B60}.Release|Any CPU.Build.0 = Release|Any CPU
		{B7419488-2474-4B50-B61B-1B49E0782E54}.Debug|Any CPU.ActiveCfg = Debug|Any CPU
		{B7419488-2474-4B50-B61B-1B49E0782E54}.Debug|Any CPU.Build.0 = Debug|Any CPU
		{B7419488-2474-4B50-B61B-1B49E0782E54}.Release|Any CPU.ActiveCfg = Release|Any CPU
		{B7419488-2474-4B50-B61B-1B49E0782E54}.Release|Any CPU.Build.0 = Release|Any CPU
		{6844D730-58C7-4099-9567-E27EB1782AC6}.Debug|Any CPU.ActiveCfg = Debug|Any CPU
		{6844D730-58C7-4099-9567-E27EB1782AC6}.Debug|Any CPU.Build.0 = Debug|Any CPU
		{6844D730-58C7-4099-9567-E27EB1782AC6}.Release|Any CPU.ActiveCfg = Release|Any CPU
		{6844D730-58C7-4099-9567-E27EB1782AC6}.Release|Any CPU.Build.0 = Release|Any CPU
		{9F614CD4-64AE-478A-A8A0-DA4B67E979F0}.Debug|Any CPU.ActiveCfg = Debug|Any CPU
		{9F614CD4-64AE-478A-A8A0-DA4B67E979F0}.Debug|Any CPU.Build.0 = Debug|Any CPU
		{9F614CD4-64AE-478A-A8A0-DA4B67E979F0}.Release|Any CPU.ActiveCfg = Release|Any CPU
		{9F614CD4-64AE-478A-A8A0-DA4B67E979F0}.Release|Any CPU.Build.0 = Release|Any CPU
		{2C206E97-B512-4473-94AC-28D92AA98047}.Debug|Any CPU.ActiveCfg = Debug|Any CPU
		{2C206E97-B512-4473-94AC-28D92AA98047}.Debug|Any CPU.Build.0 = Debug|Any CPU
		{2C206E97-B512-4473-94AC-28D92AA98047}.Release|Any CPU.ActiveCfg = Release|Any CPU
		{2C206E97-B512-4473-94AC-28D92AA98047}.Release|Any CPU.Build.0 = Release|Any CPU
		{C2C80A54-508B-4B98-98B8-B938AAD9FC04}.Debug|Any CPU.ActiveCfg = Debug|Any CPU
		{C2C80A54-508B-4B98-98B8-B938AAD9FC04}.Debug|Any CPU.Build.0 = Debug|Any CPU
		{C2C80A54-508B-4B98-98B8-B938AAD9FC04}.Release|Any CPU.ActiveCfg = Release|Any CPU
		{C2C80A54-508B-4B98-98B8-B938AAD9FC04}.Release|Any CPU.Build.0 = Release|Any CPU
		{BC51D082-00E3-4603-A210-9A021D9B93CD}.Debug|Any CPU.ActiveCfg = Debug|Any CPU
		{BC51D082-00E3-4603-A210-9A021D9B93CD}.Debug|Any CPU.Build.0 = Debug|Any CPU
		{BC51D082-00E3-4603-A210-9A021D9B93CD}.Release|Any CPU.ActiveCfg = Release|Any CPU
		{BC51D082-00E3-4603-A210-9A021D9B93CD}.Release|Any CPU.Build.0 = Release|Any CPU
		{810427FF-38F8-4E70-9F08-861E8A01A489}.Debug|Any CPU.ActiveCfg = Debug|Any CPU
		{810427FF-38F8-4E70-9F08-861E8A01A489}.Debug|Any CPU.Build.0 = Debug|Any CPU
		{810427FF-38F8-4E70-9F08-861E8A01A489}.Release|Any CPU.ActiveCfg = Release|Any CPU
		{810427FF-38F8-4E70-9F08-861E8A01A489}.Release|Any CPU.Build.0 = Release|Any CPU
		{A89F01AB-E2D8-47B5-B965-F6417F111135}.Debug|Any CPU.ActiveCfg = Debug|Any CPU
		{A89F01AB-E2D8-47B5-B965-F6417F111135}.Debug|Any CPU.Build.0 = Debug|Any CPU
		{A89F01AB-E2D8-47B5-B965-F6417F111135}.Release|Any CPU.ActiveCfg = Release|Any CPU
		{A89F01AB-E2D8-47B5-B965-F6417F111135}.Release|Any CPU.Build.0 = Release|Any CPU
		{DA84923D-9832-4176-B3CA-02E7DFD46032}.Debug|Any CPU.ActiveCfg = Debug|Any CPU
		{DA84923D-9832-4176-B3CA-02E7DFD46032}.Debug|Any CPU.Build.0 = Debug|Any CPU
		{DA84923D-9832-4176-B3CA-02E7DFD46032}.Release|Any CPU.ActiveCfg = Release|Any CPU
		{DA84923D-9832-4176-B3CA-02E7DFD46032}.Release|Any CPU.Build.0 = Release|Any CPU
		{C5946D58-2FA1-4130-9312-189D4C8A581B}.Debug|Any CPU.ActiveCfg = Debug|Any CPU
		{C5946D58-2FA1-4130-9312-189D4C8A581B}.Debug|Any CPU.Build.0 = Debug|Any CPU
		{C5946D58-2FA1-4130-9312-189D4C8A581B}.Release|Any CPU.ActiveCfg = Release|Any CPU
		{C5946D58-2FA1-4130-9312-189D4C8A581B}.Release|Any CPU.Build.0 = Release|Any CPU
		{6479F669-F4B5-434D-8CE2-22202AE6CA08}.Debug|Any CPU.ActiveCfg = Debug|Any CPU
		{6479F669-F4B5-434D-8CE2-22202AE6CA08}.Debug|Any CPU.Build.0 = Debug|Any CPU
		{6479F669-F4B5-434D-8CE2-22202AE6CA08}.Release|Any CPU.ActiveCfg = Release|Any CPU
		{6479F669-F4B5-434D-8CE2-22202AE6CA08}.Release|Any CPU.Build.0 = Release|Any CPU
		{DAE060CD-3615-4697-8F3E-3BDB8AD5B4A9}.Debug|Any CPU.ActiveCfg = Debug|Any CPU
		{DAE060CD-3615-4697-8F3E-3BDB8AD5B4A9}.Debug|Any CPU.Build.0 = Debug|Any CPU
		{DAE060CD-3615-4697-8F3E-3BDB8AD5B4A9}.Release|Any CPU.ActiveCfg = Release|Any CPU
		{DAE060CD-3615-4697-8F3E-3BDB8AD5B4A9}.Release|Any CPU.Build.0 = Release|Any CPU
		{241707AA-6E3E-45BB-83F2-766B07A2F614}.Debug|Any CPU.ActiveCfg = Debug|Any CPU
		{241707AA-6E3E-45BB-83F2-766B07A2F614}.Debug|Any CPU.Build.0 = Debug|Any CPU
		{241707AA-6E3E-45BB-83F2-766B07A2F614}.Release|Any CPU.ActiveCfg = Release|Any CPU
		{241707AA-6E3E-45BB-83F2-766B07A2F614}.Release|Any CPU.Build.0 = Release|Any CPU
		{8D1A1BDB-D96D-4E0C-9EFF-6062FAD79306}.Debug|Any CPU.ActiveCfg = Debug|Any CPU
		{8D1A1BDB-D96D-4E0C-9EFF-6062FAD79306}.Debug|Any CPU.Build.0 = Debug|Any CPU
		{8D1A1BDB-D96D-4E0C-9EFF-6062FAD79306}.Release|Any CPU.ActiveCfg = Release|Any CPU
		{8D1A1BDB-D96D-4E0C-9EFF-6062FAD79306}.Release|Any CPU.Build.0 = Release|Any CPU
		{4799827A-0BD7-4D4F-92F0-E7EDD11E7922}.Debug|Any CPU.ActiveCfg = Debug|Any CPU
		{4799827A-0BD7-4D4F-92F0-E7EDD11E7922}.Debug|Any CPU.Build.0 = Debug|Any CPU
		{4799827A-0BD7-4D4F-92F0-E7EDD11E7922}.Release|Any CPU.ActiveCfg = Release|Any CPU
		{4799827A-0BD7-4D4F-92F0-E7EDD11E7922}.Release|Any CPU.Build.0 = Release|Any CPU
		{FEEC7FF2-EC9A-4D42-8C08-F24837705A3F}.Debug|Any CPU.ActiveCfg = Debug|Any CPU
		{FEEC7FF2-EC9A-4D42-8C08-F24837705A3F}.Debug|Any CPU.Build.0 = Debug|Any CPU
		{FEEC7FF2-EC9A-4D42-8C08-F24837705A3F}.Release|Any CPU.ActiveCfg = Release|Any CPU
		{FEEC7FF2-EC9A-4D42-8C08-F24837705A3F}.Release|Any CPU.Build.0 = Release|Any CPU
		{02157ABC-688F-4754-BE69-0DE5EA576E47}.Debug|Any CPU.ActiveCfg = Debug|Any CPU
		{02157ABC-688F-4754-BE69-0DE5EA576E47}.Debug|Any CPU.Build.0 = Debug|Any CPU
		{02157ABC-688F-4754-BE69-0DE5EA576E47}.Release|Any CPU.ActiveCfg = Release|Any CPU
		{02157ABC-688F-4754-BE69-0DE5EA576E47}.Release|Any CPU.Build.0 = Release|Any CPU
		{EFDAB91A-BC60-42C5-8D8D-1D66DD9114AA}.Debug|Any CPU.ActiveCfg = Debug|Any CPU
		{EFDAB91A-BC60-42C5-8D8D-1D66DD9114AA}.Debug|Any CPU.Build.0 = Debug|Any CPU
		{EFDAB91A-BC60-42C5-8D8D-1D66DD9114AA}.Release|Any CPU.ActiveCfg = Release|Any CPU
		{EFDAB91A-BC60-42C5-8D8D-1D66DD9114AA}.Release|Any CPU.Build.0 = Release|Any CPU
		{AE55303F-6D8D-4DEC-AD0E-5D621FE09768}.Debug|Any CPU.ActiveCfg = Debug|Any CPU
		{AE55303F-6D8D-4DEC-AD0E-5D621FE09768}.Debug|Any CPU.Build.0 = Debug|Any CPU
		{AE55303F-6D8D-4DEC-AD0E-5D621FE09768}.Release|Any CPU.ActiveCfg = Release|Any CPU
		{AE55303F-6D8D-4DEC-AD0E-5D621FE09768}.Release|Any CPU.Build.0 = Release|Any CPU
		{95A10505-4A50-4432-A975-BAA76ECF9FF5}.Debug|Any CPU.ActiveCfg = Debug|Any CPU
		{95A10505-4A50-4432-A975-BAA76ECF9FF5}.Debug|Any CPU.Build.0 = Debug|Any CPU
		{95A10505-4A50-4432-A975-BAA76ECF9FF5}.Release|Any CPU.ActiveCfg = Release|Any CPU
		{95A10505-4A50-4432-A975-BAA76ECF9FF5}.Release|Any CPU.Build.0 = Release|Any CPU
		{357DB1BE-038D-46D9-ABDE-AAD79EDB43B1}.Debug|Any CPU.ActiveCfg = Debug|Any CPU
		{357DB1BE-038D-46D9-ABDE-AAD79EDB43B1}.Debug|Any CPU.Build.0 = Debug|Any CPU
		{357DB1BE-038D-46D9-ABDE-AAD79EDB43B1}.Release|Any CPU.ActiveCfg = Release|Any CPU
		{357DB1BE-038D-46D9-ABDE-AAD79EDB43B1}.Release|Any CPU.Build.0 = Release|Any CPU
		{9CF8342A-6E1E-4C47-8F4C-BA27D0382FDC}.Debug|Any CPU.ActiveCfg = Debug|Any CPU
		{9CF8342A-6E1E-4C47-8F4C-BA27D0382FDC}.Debug|Any CPU.Build.0 = Debug|Any CPU
		{9CF8342A-6E1E-4C47-8F4C-BA27D0382FDC}.Release|Any CPU.ActiveCfg = Release|Any CPU
		{9CF8342A-6E1E-4C47-8F4C-BA27D0382FDC}.Release|Any CPU.Build.0 = Release|Any CPU
		{729AA14C-90D0-4788-AEE9-968FC6360B2D}.Debug|Any CPU.ActiveCfg = Debug|Any CPU
		{729AA14C-90D0-4788-AEE9-968FC6360B2D}.Debug|Any CPU.Build.0 = Debug|Any CPU
		{729AA14C-90D0-4788-AEE9-968FC6360B2D}.Release|Any CPU.ActiveCfg = Release|Any CPU
		{729AA14C-90D0-4788-AEE9-968FC6360B2D}.Release|Any CPU.Build.0 = Release|Any CPU
		{AFFA0FCB-3927-47BB-AE7E-2F5718D8FC70}.Debug|Any CPU.ActiveCfg = Debug|Any CPU
		{AFFA0FCB-3927-47BB-AE7E-2F5718D8FC70}.Debug|Any CPU.Build.0 = Debug|Any CPU
		{AFFA0FCB-3927-47BB-AE7E-2F5718D8FC70}.Release|Any CPU.ActiveCfg = Release|Any CPU
		{AFFA0FCB-3927-47BB-AE7E-2F5718D8FC70}.Release|Any CPU.Build.0 = Release|Any CPU
		{CAB0FF10-0A8C-4234-8CA7-84A1A640D9E5}.Debug|Any CPU.ActiveCfg = Debug|Any CPU
		{CAB0FF10-0A8C-4234-8CA7-84A1A640D9E5}.Debug|Any CPU.Build.0 = Debug|Any CPU
		{CAB0FF10-0A8C-4234-8CA7-84A1A640D9E5}.Release|Any CPU.ActiveCfg = Release|Any CPU
		{CAB0FF10-0A8C-4234-8CA7-84A1A640D9E5}.Release|Any CPU.Build.0 = Release|Any CPU
		{4A64E024-A306-4995-825B-99B2823BD95B}.Debug|Any CPU.ActiveCfg = Debug|Any CPU
		{4A64E024-A306-4995-825B-99B2823BD95B}.Debug|Any CPU.Build.0 = Debug|Any CPU
		{4A64E024-A306-4995-825B-99B2823BD95B}.Release|Any CPU.ActiveCfg = Release|Any CPU
		{4A64E024-A306-4995-825B-99B2823BD95B}.Release|Any CPU.Build.0 = Release|Any CPU
		{16E9E2CE-45DA-4721-9BC6-39C77564CBE7}.Debug|Any CPU.ActiveCfg = Debug|Any CPU
		{16E9E2CE-45DA-4721-9BC6-39C77564CBE7}.Debug|Any CPU.Build.0 = Debug|Any CPU
		{16E9E2CE-45DA-4721-9BC6-39C77564CBE7}.Release|Any CPU.ActiveCfg = Release|Any CPU
		{16E9E2CE-45DA-4721-9BC6-39C77564CBE7}.Release|Any CPU.Build.0 = Release|Any CPU
		{9C61A7C4-A28F-4EDE-9DE9-785834595A91}.Debug|Any CPU.ActiveCfg = Debug|Any CPU
		{9C61A7C4-A28F-4EDE-9DE9-785834595A91}.Debug|Any CPU.Build.0 = Debug|Any CPU
		{9C61A7C4-A28F-4EDE-9DE9-785834595A91}.Release|Any CPU.ActiveCfg = Release|Any CPU
		{9C61A7C4-A28F-4EDE-9DE9-785834595A91}.Release|Any CPU.Build.0 = Release|Any CPU
		{566E503E-B625-49AB-A102-7B5CDE82317F}.Debug|Any CPU.ActiveCfg = Debug|Any CPU
		{566E503E-B625-49AB-A102-7B5CDE82317F}.Debug|Any CPU.Build.0 = Debug|Any CPU
		{566E503E-B625-49AB-A102-7B5CDE82317F}.Release|Any CPU.ActiveCfg = Release|Any CPU
		{566E503E-B625-49AB-A102-7B5CDE82317F}.Release|Any CPU.Build.0 = Release|Any CPU
		{394D5415-3AD1-479E-9E1F-EB3293B2E5C9}.Debug|Any CPU.ActiveCfg = Debug|Any CPU
		{394D5415-3AD1-479E-9E1F-EB3293B2E5C9}.Debug|Any CPU.Build.0 = Debug|Any CPU
		{394D5415-3AD1-479E-9E1F-EB3293B2E5C9}.Release|Any CPU.ActiveCfg = Release|Any CPU
		{394D5415-3AD1-479E-9E1F-EB3293B2E5C9}.Release|Any CPU.Build.0 = Release|Any CPU
		{D791E726-83AF-40C0-9108-5DE82F77903F}.Debug|Any CPU.ActiveCfg = Debug|Any CPU
		{D791E726-83AF-40C0-9108-5DE82F77903F}.Debug|Any CPU.Build.0 = Debug|Any CPU
		{D791E726-83AF-40C0-9108-5DE82F77903F}.Release|Any CPU.ActiveCfg = Release|Any CPU
		{D791E726-83AF-40C0-9108-5DE82F77903F}.Release|Any CPU.Build.0 = Release|Any CPU
		{F35304F0-B2B9-4984-8DED-A741022B03F8}.Debug|Any CPU.ActiveCfg = Debug|Any CPU
		{F35304F0-B2B9-4984-8DED-A741022B03F8}.Debug|Any CPU.Build.0 = Debug|Any CPU
		{F35304F0-B2B9-4984-8DED-A741022B03F8}.Release|Any CPU.ActiveCfg = Release|Any CPU
		{F35304F0-B2B9-4984-8DED-A741022B03F8}.Release|Any CPU.Build.0 = Release|Any CPU
	EndGlobalSection
	GlobalSection(SolutionProperties) = preSolution
		HideSolutionNode = FALSE
	EndGlobalSection
	GlobalSection(NestedProjects) = preSolution
		{CD0AC29F-E469-431C-A418-990F825A53C4} = {6813208F-5BF4-4448-8EDD-631F590B8E64}
		{FADEB271-04C7-4FA1-9559-6119812044D0} = {CD0AC29F-E469-431C-A418-990F825A53C4}
		{AF1EA95F-8FEE-48E1-B868-5648DE477546} = {FADEB271-04C7-4FA1-9559-6119812044D0}
		{BB4C8EF0-0443-47C3-AD20-D432B7E2B792} = {AF1EA95F-8FEE-48E1-B868-5648DE477546}
		{5DCFB742-7C30-4A34-85E0-D1AFF854949D} = {CD0AC29F-E469-431C-A418-990F825A53C4}
		{71551B63-3B00-46E3-BBF1-4A59270F136F} = {5DCFB742-7C30-4A34-85E0-D1AFF854949D}
		{EF8C71AF-E6C0-4AB8-823E-7CE3A91AE3F2} = {5DCFB742-7C30-4A34-85E0-D1AFF854949D}
		{A18DFF6E-6245-49D7-A988-D8E545360304} = {FADEB271-04C7-4FA1-9559-6119812044D0}
		{AE5875A0-B0FD-4EF2-A9A3-D0643A2B9BA0} = {A18DFF6E-6245-49D7-A988-D8E545360304}
		{EF84041C-7BCC-4A1C-81DC-8821F7909FBA} = {71551B63-3B00-46E3-BBF1-4A59270F136F}
		{FD2A9B3B-8A09-4156-9B9B-6B9AC2F5E3E6} = {EF8C71AF-E6C0-4AB8-823E-7CE3A91AE3F2}
		{0C250B97-E9F1-4961-AF99-FC8716380EDA} = {5DCFB742-7C30-4A34-85E0-D1AFF854949D}
		{40AFBCFB-E9C9-4C2D-B832-CE833DD1C9F1} = {5DCFB742-7C30-4A34-85E0-D1AFF854949D}
		{48EF4250-2216-4A6E-B088-B5ACBD63D916} = {0C250B97-E9F1-4961-AF99-FC8716380EDA}
		{C25AD7FF-57F9-468F-AA3F-09505F0DBF46} = {40AFBCFB-E9C9-4C2D-B832-CE833DD1C9F1}
		{F2439600-54EA-4F17-AE6E-8DACA925D7E9} = {CD0AC29F-E469-431C-A418-990F825A53C4}
		{7AF5128A-C473-41F7-A718-0CBD352666F7} = {F2439600-54EA-4F17-AE6E-8DACA925D7E9}
		{DFC58F38-2B0B-4D02-8DFA-09C07686200D} = {F2439600-54EA-4F17-AE6E-8DACA925D7E9}
		{81BEDB04-DA28-4CD9-A081-DB9B39974211} = {F2439600-54EA-4F17-AE6E-8DACA925D7E9}
		{80DED306-1211-4576-A546-58F5ED314C22} = {7AF5128A-C473-41F7-A718-0CBD352666F7}
		{1A84AC86-2E06-4FB2-809E-ACF5E5C05ADC} = {DFC58F38-2B0B-4D02-8DFA-09C07686200D}
		{52319D14-AF60-47FA-80B5-A9A87E8326E7} = {81BEDB04-DA28-4CD9-A081-DB9B39974211}
		{39B1D65F-D7C9-4DCD-B0BB-76E8FB31A785} = {F2439600-54EA-4F17-AE6E-8DACA925D7E9}
		{23034FF4-C230-4170-ACE2-1E8344DF3C84} = {F2439600-54EA-4F17-AE6E-8DACA925D7E9}
		{B08B3458-E10F-4184-9A03-CBDA77ECEA0A} = {F2439600-54EA-4F17-AE6E-8DACA925D7E9}
		{10211541-4BF9-4E20-B628-26A3609C2F28} = {F2439600-54EA-4F17-AE6E-8DACA925D7E9}
		{9C53B19F-49A5-4907-B254-518635AC1A3B} = {39B1D65F-D7C9-4DCD-B0BB-76E8FB31A785}
		{DECEB53D-0D05-485B-B960-656C06119B60} = {B08B3458-E10F-4184-9A03-CBDA77ECEA0A}
		{B7419488-2474-4B50-B61B-1B49E0782E54} = {10211541-4BF9-4E20-B628-26A3609C2F28}
		{6844D730-58C7-4099-9567-E27EB1782AC6} = {23034FF4-C230-4170-ACE2-1E8344DF3C84}
		{8C2276A5-A231-4ED9-B28A-6C1BFDB8B5E7} = {F2439600-54EA-4F17-AE6E-8DACA925D7E9}
		{CA789D1D-427B-4622-B0AB-4D091772858C} = {F2439600-54EA-4F17-AE6E-8DACA925D7E9}
		{99DC6B28-A6B8-417A-A6F8-C442746127DB} = {F2439600-54EA-4F17-AE6E-8DACA925D7E9}
		{22F1C329-8C23-4E0B-8D40-9FF4D249AD3F} = {F2439600-54EA-4F17-AE6E-8DACA925D7E9}
		{167FD6A1-0258-4D6B-B517-B5D5FEFD6E69} = {F2439600-54EA-4F17-AE6E-8DACA925D7E9}
		{EAC51B1F-D0C9-413D-B87C-D69D2A4E37F2} = {F2439600-54EA-4F17-AE6E-8DACA925D7E9}
		{AC53B2C6-50FD-4FA0-A3D8-E5F22DF0B594} = {F2439600-54EA-4F17-AE6E-8DACA925D7E9}
		{0EEEF54F-C57D-46AE-9CBD-265F56B8FE8F} = {F2439600-54EA-4F17-AE6E-8DACA925D7E9}
		{02E9BD2B-92A0-4CAA-9965-5B9E3869D4BB} = {F2439600-54EA-4F17-AE6E-8DACA925D7E9}
		{03E01569-FB14-4DA4-A12C-8E6F5149DC7D} = {F2439600-54EA-4F17-AE6E-8DACA925D7E9}
		{9F614CD4-64AE-478A-A8A0-DA4B67E979F0} = {8C2276A5-A231-4ED9-B28A-6C1BFDB8B5E7}
		{2C206E97-B512-4473-94AC-28D92AA98047} = {CA789D1D-427B-4622-B0AB-4D091772858C}
		{C2C80A54-508B-4B98-98B8-B938AAD9FC04} = {99DC6B28-A6B8-417A-A6F8-C442746127DB}
		{BC51D082-00E3-4603-A210-9A021D9B93CD} = {22F1C329-8C23-4E0B-8D40-9FF4D249AD3F}
		{810427FF-38F8-4E70-9F08-861E8A01A489} = {167FD6A1-0258-4D6B-B517-B5D5FEFD6E69}
		{A89F01AB-E2D8-47B5-B965-F6417F111135} = {EAC51B1F-D0C9-413D-B87C-D69D2A4E37F2}
		{DA84923D-9832-4176-B3CA-02E7DFD46032} = {AC53B2C6-50FD-4FA0-A3D8-E5F22DF0B594}
		{C5946D58-2FA1-4130-9312-189D4C8A581B} = {0EEEF54F-C57D-46AE-9CBD-265F56B8FE8F}
		{6479F669-F4B5-434D-8CE2-22202AE6CA08} = {02E9BD2B-92A0-4CAA-9965-5B9E3869D4BB}
		{DAE060CD-3615-4697-8F3E-3BDB8AD5B4A9} = {03E01569-FB14-4DA4-A12C-8E6F5149DC7D}
		{1CD45322-F30F-4E16-B77A-A9AC9A016F38} = {F2439600-54EA-4F17-AE6E-8DACA925D7E9}
		{6DBF1507-38D5-4F3C-8010-2A1FB7DC37ED} = {F2439600-54EA-4F17-AE6E-8DACA925D7E9}
		{B104F5DA-A0DF-4A30-8700-ABA175072977} = {F2439600-54EA-4F17-AE6E-8DACA925D7E9}
		{6A784AB5-3E2B-491C-B1EF-90926F59BAAE} = {F2439600-54EA-4F17-AE6E-8DACA925D7E9}
		{03C7AF47-EF28-4810-8157-F919E66A9B6D} = {F2439600-54EA-4F17-AE6E-8DACA925D7E9}
		{CD13B049-9BE9-4134-9A32-EE6177B891C9} = {F2439600-54EA-4F17-AE6E-8DACA925D7E9}
		{9220D793-4188-4574-9966-FBB1336FE787} = {F2439600-54EA-4F17-AE6E-8DACA925D7E9}
		{CE599880-A4AD-4A94-97A2-A0B7B46D24F2} = {F2439600-54EA-4F17-AE6E-8DACA925D7E9}
		{0D9B11E8-9B67-444B-9C7A-B8A812231363} = {F2439600-54EA-4F17-AE6E-8DACA925D7E9}
		{2C2D91E8-AAF8-4BA4-8C74-ABC366A12642} = {F2439600-54EA-4F17-AE6E-8DACA925D7E9}
		{20431D80-D139-4F74-87F5-2835289E88BF} = {F2439600-54EA-4F17-AE6E-8DACA925D7E9}
		{241707AA-6E3E-45BB-83F2-766B07A2F614} = {1CD45322-F30F-4E16-B77A-A9AC9A016F38}
		{8D1A1BDB-D96D-4E0C-9EFF-6062FAD79306} = {6DBF1507-38D5-4F3C-8010-2A1FB7DC37ED}
		{4799827A-0BD7-4D4F-92F0-E7EDD11E7922} = {B104F5DA-A0DF-4A30-8700-ABA175072977}
		{FEEC7FF2-EC9A-4D42-8C08-F24837705A3F} = {6A784AB5-3E2B-491C-B1EF-90926F59BAAE}
		{02157ABC-688F-4754-BE69-0DE5EA576E47} = {03C7AF47-EF28-4810-8157-F919E66A9B6D}
		{EFDAB91A-BC60-42C5-8D8D-1D66DD9114AA} = {CD13B049-9BE9-4134-9A32-EE6177B891C9}
		{AE55303F-6D8D-4DEC-AD0E-5D621FE09768} = {9220D793-4188-4574-9966-FBB1336FE787}
		{95A10505-4A50-4432-A975-BAA76ECF9FF5} = {CE599880-A4AD-4A94-97A2-A0B7B46D24F2}
		{357DB1BE-038D-46D9-ABDE-AAD79EDB43B1} = {0D9B11E8-9B67-444B-9C7A-B8A812231363}
		{9CF8342A-6E1E-4C47-8F4C-BA27D0382FDC} = {2C2D91E8-AAF8-4BA4-8C74-ABC366A12642}
		{729AA14C-90D0-4788-AEE9-968FC6360B2D} = {20431D80-D139-4F74-87F5-2835289E88BF}
		{44AC0D04-1F3D-494F-8D0B-666C9988E853} = {CD0AC29F-E469-431C-A418-990F825A53C4}
		{D84B5E28-8E78-4AC9-9B1C-E9ADDA96677F} = {44AC0D04-1F3D-494F-8D0B-666C9988E853}
		{AFFA0FCB-3927-47BB-AE7E-2F5718D8FC70} = {D84B5E28-8E78-4AC9-9B1C-E9ADDA96677F}
		{E8036BF5-2DF7-4C87-B7B7-C0BD6A8D04B7} = {CD0AC29F-E469-431C-A418-990F825A53C4}
		{8128EA11-31DD-4303-B201-17EDBAA0D0C2} = {E8036BF5-2DF7-4C87-B7B7-C0BD6A8D04B7}
		{F82ED2E7-B72C-422A-8FEB-0B9840820B78} = {E8036BF5-2DF7-4C87-B7B7-C0BD6A8D04B7}
		{18311A85-5567-42F2-913E-49E74443734B} = {E8036BF5-2DF7-4C87-B7B7-C0BD6A8D04B7}
		{8369EB59-E01B-40F8-8885-39E9B9840D1F} = {E8036BF5-2DF7-4C87-B7B7-C0BD6A8D04B7}
		{FD5F2564-188D-4B01-835D-52BCFD9710C3} = {E8036BF5-2DF7-4C87-B7B7-C0BD6A8D04B7}
		{CAB0FF10-0A8C-4234-8CA7-84A1A640D9E5} = {8128EA11-31DD-4303-B201-17EDBAA0D0C2}
		{4A64E024-A306-4995-825B-99B2823BD95B} = {F82ED2E7-B72C-422A-8FEB-0B9840820B78}
		{16E9E2CE-45DA-4721-9BC6-39C77564CBE7} = {18311A85-5567-42F2-913E-49E74443734B}
		{9C61A7C4-A28F-4EDE-9DE9-785834595A91} = {8369EB59-E01B-40F8-8885-39E9B9840D1F}
		{566E503E-B625-49AB-A102-7B5CDE82317F} = {FD5F2564-188D-4B01-835D-52BCFD9710C3}
		{DAD2B953-CB0A-41C2-99FC-B9F0BA2FA6AD} = {CD0AC29F-E469-431C-A418-990F825A53C4}
		{3F4EB369-183F-494C-B4AF-45591757404B} = {DAD2B953-CB0A-41C2-99FC-B9F0BA2FA6AD}
		{394D5415-3AD1-479E-9E1F-EB3293B2E5C9} = {3F4EB369-183F-494C-B4AF-45591757404B}
		{8C944806-E6DF-4D8B-9091-B7452004C62E} = {CD0AC29F-E469-431C-A418-990F825A53C4}
		{EB408504-E989-4779-AFDB-9E48E3E6046B} = {8C944806-E6DF-4D8B-9091-B7452004C62E}
		{D791E726-83AF-40C0-9108-5DE82F77903F} = {EB408504-E989-4779-AFDB-9E48E3E6046B}
		{354E54B5-0CDE-4DDF-8B9B-6ECE3D292984} = {CD0AC29F-E469-431C-A418-990F825A53C4}
		{C65F4018-D7E9-491C-B296-2C0E1AC8F8F0} = {354E54B5-0CDE-4DDF-8B9B-6ECE3D292984}
		{F35304F0-B2B9-4984-8DED-A741022B03F8} = {C65F4018-D7E9-491C-B296-2C0E1AC8F8F0}
	EndGlobalSection
	GlobalSection(ExtensibilityGlobals) = postSolution
		SolutionGuid = {248EB7A3-9263-4680-9C57-45DE0B1E2903}
	EndGlobalSection
EndGlobal
